// !$*UTF8*$!
{
	archiveVersion = 1;
	classes = {
	};
	objectVersion = 46;
	objects = {

/* Begin PBXBuildFile section */
		10A79C951BE2D04900D26027 /* BuyDetailController.swift in Sources */ = {isa = PBXBuildFile; fileRef = 10A79C941BE2D04900D26027 /* BuyDetailController.swift */; };
		10B75D6A1BE0509D009B88DC /* Location.swift in Sources */ = {isa = PBXBuildFile; fileRef = 10B75D681BE0509D009B88DC /* Location.swift */; };
		10B75D6B1BE0509D009B88DC /* Spot.swift in Sources */ = {isa = PBXBuildFile; fileRef = 10B75D691BE0509D009B88DC /* Spot.swift */; };
		10B75D6D1BE06949009B88DC /* Bid.swift in Sources */ = {isa = PBXBuildFile; fileRef = 10B75D6C1BE06949009B88DC /* Bid.swift */; };
		10B75D6F1BE1932D009B88DC /* SearchHistory.swift in Sources */ = {isa = PBXBuildFile; fileRef = 10B75D6E1BE1932D009B88DC /* SearchHistory.swift */; };
		180A147C1BDB0A37005F4221 /* Main.storyboard in Resources */ = {isa = PBXBuildFile; fileRef = 180A147A1BDB0A37005F4221 /* Main.storyboard */; };
		180A14841BDBF883005F4221 /* Bolts.framework in Frameworks */ = {isa = PBXBuildFile; fileRef = 180A147D1BDBF883005F4221 /* Bolts.framework */; };
		180A14851BDBF883005F4221 /* Parse.framework in Frameworks */ = {isa = PBXBuildFile; fileRef = 180A147E1BDBF883005F4221 /* Parse.framework */; };
		180A14861BDBF883005F4221 /* ParseCrashReporting.framework in Frameworks */ = {isa = PBXBuildFile; fileRef = 180A147F1BDBF883005F4221 /* ParseCrashReporting.framework */; };
		180A14871BDBF883005F4221 /* ParseFacebookUtils.framework in Frameworks */ = {isa = PBXBuildFile; fileRef = 180A14801BDBF883005F4221 /* ParseFacebookUtils.framework */; };
		180A14881BDBF883005F4221 /* ParseFacebookUtilsV4.framework in Frameworks */ = {isa = PBXBuildFile; fileRef = 180A14811BDBF883005F4221 /* ParseFacebookUtilsV4.framework */; };
		180A14891BDBF883005F4221 /* ParseTwitterUtils.framework in Frameworks */ = {isa = PBXBuildFile; fileRef = 180A14821BDBF883005F4221 /* ParseTwitterUtils.framework */; };
		180A148A1BDBF883005F4221 /* ParseUI.framework in Frameworks */ = {isa = PBXBuildFile; fileRef = 180A14831BDBF883005F4221 /* ParseUI.framework */; };
		180A148D1BDBF8C5005F4221 /* Accounts.framework in Frameworks */ = {isa = PBXBuildFile; fileRef = 180A148C1BDBF8C5005F4221 /* Accounts.framework */; };
		180A148F1BDBF8D0005F4221 /* AudioToolbox.framework in Frameworks */ = {isa = PBXBuildFile; fileRef = 180A148E1BDBF8D0005F4221 /* AudioToolbox.framework */; };
		180A14911BDBF8DB005F4221 /* CFNetwork.framework in Frameworks */ = {isa = PBXBuildFile; fileRef = 180A14901BDBF8DB005F4221 /* CFNetwork.framework */; };
		180A14931BDBF8E5005F4221 /* CoreGraphics.framework in Frameworks */ = {isa = PBXBuildFile; fileRef = 180A14921BDBF8E5005F4221 /* CoreGraphics.framework */; };
		180A14951BDBF8ED005F4221 /* CoreLocation.framework in Frameworks */ = {isa = PBXBuildFile; fileRef = 180A14941BDBF8ED005F4221 /* CoreLocation.framework */; };
		180A14971BDBF8F7005F4221 /* QuartzCore.framework in Frameworks */ = {isa = PBXBuildFile; fileRef = 180A14961BDBF8F7005F4221 /* QuartzCore.framework */; };
		180A14991BDBF903005F4221 /* Security.framework in Frameworks */ = {isa = PBXBuildFile; fileRef = 180A14981BDBF903005F4221 /* Security.framework */; };
		180A149B1BDBF90B005F4221 /* Social.framework in Frameworks */ = {isa = PBXBuildFile; fileRef = 180A149A1BDBF90B005F4221 /* Social.framework */; };
		180A149D1BDBF916005F4221 /* StoreKit.framework in Frameworks */ = {isa = PBXBuildFile; fileRef = 180A149C1BDBF916005F4221 /* StoreKit.framework */; };
		180A149F1BDBF928005F4221 /* SystemConfiguration.framework in Frameworks */ = {isa = PBXBuildFile; fileRef = 180A149E1BDBF928005F4221 /* SystemConfiguration.framework */; };
		180A14A11BDBF937005F4221 /* libz.tbd in Frameworks */ = {isa = PBXBuildFile; fileRef = 180A14A01BDBF937005F4221 /* libz.tbd */; };
		180A14A31BDBF941005F4221 /* libsqlite3.tbd in Frameworks */ = {isa = PBXBuildFile; fileRef = 180A14A21BDBF941005F4221 /* libsqlite3.tbd */; };
		180A14A51BDC1554005F4221 /* CustomerAnnotation.swift in Sources */ = {isa = PBXBuildFile; fileRef = 180A14A41BDC1554005F4221 /* CustomerAnnotation.swift */; };
		180A14A71BDC16E9005F4221 /* User.swift in Sources */ = {isa = PBXBuildFile; fileRef = 180A14A61BDC16E9005F4221 /* User.swift */; };
		180A14AD1BDC5074005F4221 /* SpotDetailViewController.swift in Sources */ = {isa = PBXBuildFile; fileRef = 180A14AC1BDC5074005F4221 /* SpotDetailViewController.swift */; };
		180C3AF51BD9F0F400E7E5F5 /* AppDelegate.swift in Sources */ = {isa = PBXBuildFile; fileRef = 180C3AF41BD9F0F400E7E5F5 /* AppDelegate.swift */; };
		180C3AF71BD9F0F400E7E5F5 /* ViewController.swift in Sources */ = {isa = PBXBuildFile; fileRef = 180C3AF61BD9F0F400E7E5F5 /* ViewController.swift */; };
		180C3AFD1BD9F0F400E7E5F5 /* DonateParkSpot.xcdatamodeld in Sources */ = {isa = PBXBuildFile; fileRef = 180C3AFB1BD9F0F400E7E5F5 /* DonateParkSpot.xcdatamodeld */; };
		180C3AFF1BD9F0F400E7E5F5 /* Assets.xcassets in Resources */ = {isa = PBXBuildFile; fileRef = 180C3AFE1BD9F0F400E7E5F5 /* Assets.xcassets */; };
		180C3B021BD9F0F400E7E5F5 /* LaunchScreen.storyboard in Resources */ = {isa = PBXBuildFile; fileRef = 180C3B001BD9F0F400E7E5F5 /* LaunchScreen.storyboard */; };
		180C3B0D1BD9F0F400E7E5F5 /* DonateParkSpotTests.swift in Sources */ = {isa = PBXBuildFile; fileRef = 180C3B0C1BD9F0F400E7E5F5 /* DonateParkSpotTests.swift */; };
		180C3B181BD9F0F400E7E5F5 /* DonateParkSpotUITests.swift in Sources */ = {isa = PBXBuildFile; fileRef = 180C3B171BD9F0F400E7E5F5 /* DonateParkSpotUITests.swift */; };
		180C3B261BDA923900E7E5F5 /* LoginViewController.swift in Sources */ = {isa = PBXBuildFile; fileRef = 180C3B251BDA923900E7E5F5 /* LoginViewController.swift */; };
		180C3B281BDA932C00E7E5F5 /* RegisterViewController.swift in Sources */ = {isa = PBXBuildFile; fileRef = 180C3B271BDA932C00E7E5F5 /* RegisterViewController.swift */; };
		180C3B2A1BDAA0B400E7E5F5 /* MapViewController.swift in Sources */ = {isa = PBXBuildFile; fileRef = 180C3B291BDAA0B400E7E5F5 /* MapViewController.swift */; };
		18AE41611BE84EB000A4A62B /* BackTableVC.swift in Sources */ = {isa = PBXBuildFile; fileRef = 18AE41601BE84EB000A4A62B /* BackTableVC.swift */; };
		18AE41671BE84FEB00A4A62B /* SWRevealViewController.m in Sources */ = {isa = PBXBuildFile; fileRef = 18AE41661BE84FEB00A4A62B /* SWRevealViewController.m */; };
		18AE41741BEE907800A4A62B /* test.png in Resources */ = {isa = PBXBuildFile; fileRef = 18AE41731BEE907800A4A62B /* test.png */; };
		B80CB65A1BE30A9600746CEB /* MySpotDetail.swift in Sources */ = {isa = PBXBuildFile; fileRef = B80CB6591BE30A9600746CEB /* MySpotDetail.swift */; };
		B8179AFA1BE0628B00F218F1 /* MySpotTableViewController.swift in Sources */ = {isa = PBXBuildFile; fileRef = B8179AF91BE0628B00F218F1 /* MySpotTableViewController.swift */; };
		B89892171BED996600DEF1B5 /* MySpotMultiBidTableViewCell.swift in Sources */ = {isa = PBXBuildFile; fileRef = B89892161BED996600DEF1B5 /* MySpotMultiBidTableViewCell.swift */; };
		B8A1093F1BF6E86D003503B1 /* MyBidTableViewController.swift in Sources */ = {isa = PBXBuildFile; fileRef = B8A1093E1BF6E86D003503B1 /* MyBidTableViewController.swift */; };
		B8A109411BF6F184003503B1 /* MyBidTableViewCell.swift in Sources */ = {isa = PBXBuildFile; fileRef = B8A109401BF6F184003503B1 /* MyBidTableViewCell.swift */; };
		B8A33A921BEAFE5F0007E77E /* MySpotMultiBidTableViewController.swift in Sources */ = {isa = PBXBuildFile; fileRef = B8A33A911BEAFE5F0007E77E /* MySpotMultiBidTableViewController.swift */; };
/* End PBXBuildFile section */

/* Begin PBXContainerItemProxy section */
		180C3B091BD9F0F400E7E5F5 /* PBXContainerItemProxy */ = {
			isa = PBXContainerItemProxy;
			containerPortal = 180C3AE91BD9F0F400E7E5F5 /* Project object */;
			proxyType = 1;
			remoteGlobalIDString = 180C3AF01BD9F0F400E7E5F5;
			remoteInfo = DonateParkSpot;
		};
		180C3B141BD9F0F400E7E5F5 /* PBXContainerItemProxy */ = {
			isa = PBXContainerItemProxy;
			containerPortal = 180C3AE91BD9F0F400E7E5F5 /* Project object */;
			proxyType = 1;
			remoteGlobalIDString = 180C3AF01BD9F0F400E7E5F5;
			remoteInfo = DonateParkSpot;
		};
/* End PBXContainerItemProxy section */

/* Begin PBXFileReference section */
		10A79C941BE2D04900D26027 /* BuyDetailController.swift */ = {isa = PBXFileReference; fileEncoding = 4; lastKnownFileType = sourcecode.swift; path = BuyDetailController.swift; sourceTree = "<group>"; };
		10B75D681BE0509D009B88DC /* Location.swift */ = {isa = PBXFileReference; fileEncoding = 4; lastKnownFileType = sourcecode.swift; path = Location.swift; sourceTree = "<group>"; };
		10B75D691BE0509D009B88DC /* Spot.swift */ = {isa = PBXFileReference; fileEncoding = 4; lastKnownFileType = sourcecode.swift; path = Spot.swift; sourceTree = "<group>"; };
		10B75D6C1BE06949009B88DC /* Bid.swift */ = {isa = PBXFileReference; fileEncoding = 4; lastKnownFileType = sourcecode.swift; path = Bid.swift; sourceTree = "<group>"; };
		10B75D6E1BE1932D009B88DC /* SearchHistory.swift */ = {isa = PBXFileReference; fileEncoding = 4; lastKnownFileType = sourcecode.swift; path = SearchHistory.swift; sourceTree = "<group>"; };
		180A147B1BDB0A37005F4221 /* Base */ = {isa = PBXFileReference; lastKnownFileType = file.storyboard; name = Base; path = Base.lproj/Main.storyboard; sourceTree = "<group>"; };
		180A147D1BDBF883005F4221 /* Bolts.framework */ = {isa = PBXFileReference; lastKnownFileType = wrapper.framework; name = Bolts.framework; path = DonateParkSpot/Bolts.framework; sourceTree = "<group>"; };
		180A147E1BDBF883005F4221 /* Parse.framework */ = {isa = PBXFileReference; lastKnownFileType = wrapper.framework; name = Parse.framework; path = DonateParkSpot/Parse.framework; sourceTree = "<group>"; };
		180A147F1BDBF883005F4221 /* ParseCrashReporting.framework */ = {isa = PBXFileReference; lastKnownFileType = wrapper.framework; name = ParseCrashReporting.framework; path = DonateParkSpot/ParseCrashReporting.framework; sourceTree = "<group>"; };
		180A14801BDBF883005F4221 /* ParseFacebookUtils.framework */ = {isa = PBXFileReference; lastKnownFileType = wrapper.framework; name = ParseFacebookUtils.framework; path = DonateParkSpot/ParseFacebookUtils.framework; sourceTree = "<group>"; };
		180A14811BDBF883005F4221 /* ParseFacebookUtilsV4.framework */ = {isa = PBXFileReference; lastKnownFileType = wrapper.framework; name = ParseFacebookUtilsV4.framework; path = DonateParkSpot/ParseFacebookUtilsV4.framework; sourceTree = "<group>"; };
		180A14821BDBF883005F4221 /* ParseTwitterUtils.framework */ = {isa = PBXFileReference; lastKnownFileType = wrapper.framework; name = ParseTwitterUtils.framework; path = DonateParkSpot/ParseTwitterUtils.framework; sourceTree = "<group>"; };
		180A14831BDBF883005F4221 /* ParseUI.framework */ = {isa = PBXFileReference; lastKnownFileType = wrapper.framework; name = ParseUI.framework; path = DonateParkSpot/ParseUI.framework; sourceTree = "<group>"; };
		180A148C1BDBF8C5005F4221 /* Accounts.framework */ = {isa = PBXFileReference; lastKnownFileType = wrapper.framework; name = Accounts.framework; path = System/Library/Frameworks/Accounts.framework; sourceTree = SDKROOT; };
		180A148E1BDBF8D0005F4221 /* AudioToolbox.framework */ = {isa = PBXFileReference; lastKnownFileType = wrapper.framework; name = AudioToolbox.framework; path = System/Library/Frameworks/AudioToolbox.framework; sourceTree = SDKROOT; };
		180A14901BDBF8DB005F4221 /* CFNetwork.framework */ = {isa = PBXFileReference; lastKnownFileType = wrapper.framework; name = CFNetwork.framework; path = System/Library/Frameworks/CFNetwork.framework; sourceTree = SDKROOT; };
		180A14921BDBF8E5005F4221 /* CoreGraphics.framework */ = {isa = PBXFileReference; lastKnownFileType = wrapper.framework; name = CoreGraphics.framework; path = System/Library/Frameworks/CoreGraphics.framework; sourceTree = SDKROOT; };
		180A14941BDBF8ED005F4221 /* CoreLocation.framework */ = {isa = PBXFileReference; lastKnownFileType = wrapper.framework; name = CoreLocation.framework; path = System/Library/Frameworks/CoreLocation.framework; sourceTree = SDKROOT; };
		180A14961BDBF8F7005F4221 /* QuartzCore.framework */ = {isa = PBXFileReference; lastKnownFileType = wrapper.framework; name = QuartzCore.framework; path = System/Library/Frameworks/QuartzCore.framework; sourceTree = SDKROOT; };
		180A14981BDBF903005F4221 /* Security.framework */ = {isa = PBXFileReference; lastKnownFileType = wrapper.framework; name = Security.framework; path = System/Library/Frameworks/Security.framework; sourceTree = SDKROOT; };
		180A149A1BDBF90B005F4221 /* Social.framework */ = {isa = PBXFileReference; lastKnownFileType = wrapper.framework; name = Social.framework; path = System/Library/Frameworks/Social.framework; sourceTree = SDKROOT; };
		180A149C1BDBF916005F4221 /* StoreKit.framework */ = {isa = PBXFileReference; lastKnownFileType = wrapper.framework; name = StoreKit.framework; path = System/Library/Frameworks/StoreKit.framework; sourceTree = SDKROOT; };
		180A149E1BDBF928005F4221 /* SystemConfiguration.framework */ = {isa = PBXFileReference; lastKnownFileType = wrapper.framework; name = SystemConfiguration.framework; path = System/Library/Frameworks/SystemConfiguration.framework; sourceTree = SDKROOT; };
		180A14A01BDBF937005F4221 /* libz.tbd */ = {isa = PBXFileReference; lastKnownFileType = "sourcecode.text-based-dylib-definition"; name = libz.tbd; path = usr/lib/libz.tbd; sourceTree = SDKROOT; };
		180A14A21BDBF941005F4221 /* libsqlite3.tbd */ = {isa = PBXFileReference; lastKnownFileType = "sourcecode.text-based-dylib-definition"; name = libsqlite3.tbd; path = usr/lib/libsqlite3.tbd; sourceTree = SDKROOT; };
		180A14A41BDC1554005F4221 /* CustomerAnnotation.swift */ = {isa = PBXFileReference; fileEncoding = 4; lastKnownFileType = sourcecode.swift; path = CustomerAnnotation.swift; sourceTree = "<group>"; };
		180A14A61BDC16E9005F4221 /* User.swift */ = {isa = PBXFileReference; fileEncoding = 4; lastKnownFileType = sourcecode.swift; path = User.swift; sourceTree = "<group>"; };
		180A14AC1BDC5074005F4221 /* SpotDetailViewController.swift */ = {isa = PBXFileReference; fileEncoding = 4; lastKnownFileType = sourcecode.swift; path = SpotDetailViewController.swift; sourceTree = "<group>"; };
		180C3AF11BD9F0F400E7E5F5 /* DonateParkSpot.app */ = {isa = PBXFileReference; explicitFileType = wrapper.application; includeInIndex = 0; path = DonateParkSpot.app; sourceTree = BUILT_PRODUCTS_DIR; };
		180C3AF41BD9F0F400E7E5F5 /* AppDelegate.swift */ = {isa = PBXFileReference; lastKnownFileType = sourcecode.swift; path = AppDelegate.swift; sourceTree = "<group>"; };
		180C3AF61BD9F0F400E7E5F5 /* ViewController.swift */ = {isa = PBXFileReference; lastKnownFileType = sourcecode.swift; path = ViewController.swift; sourceTree = "<group>"; };
		180C3AFC1BD9F0F400E7E5F5 /* DonateParkSpot.xcdatamodel */ = {isa = PBXFileReference; lastKnownFileType = wrapper.xcdatamodel; path = DonateParkSpot.xcdatamodel; sourceTree = "<group>"; };
		180C3AFE1BD9F0F400E7E5F5 /* Assets.xcassets */ = {isa = PBXFileReference; lastKnownFileType = folder.assetcatalog; path = Assets.xcassets; sourceTree = "<group>"; };
		180C3B011BD9F0F400E7E5F5 /* Base */ = {isa = PBXFileReference; lastKnownFileType = file.storyboard; name = Base; path = Base.lproj/LaunchScreen.storyboard; sourceTree = "<group>"; };
		180C3B031BD9F0F400E7E5F5 /* Info.plist */ = {isa = PBXFileReference; lastKnownFileType = text.plist.xml; path = Info.plist; sourceTree = "<group>"; };
		180C3B081BD9F0F400E7E5F5 /* DonateParkSpotTests.xctest */ = {isa = PBXFileReference; explicitFileType = wrapper.cfbundle; includeInIndex = 0; path = DonateParkSpotTests.xctest; sourceTree = BUILT_PRODUCTS_DIR; };
		180C3B0C1BD9F0F400E7E5F5 /* DonateParkSpotTests.swift */ = {isa = PBXFileReference; lastKnownFileType = sourcecode.swift; path = DonateParkSpotTests.swift; sourceTree = "<group>"; };
		180C3B0E1BD9F0F400E7E5F5 /* Info.plist */ = {isa = PBXFileReference; lastKnownFileType = text.plist.xml; path = Info.plist; sourceTree = "<group>"; };
		180C3B131BD9F0F400E7E5F5 /* DonateParkSpotUITests.xctest */ = {isa = PBXFileReference; explicitFileType = wrapper.cfbundle; includeInIndex = 0; path = DonateParkSpotUITests.xctest; sourceTree = BUILT_PRODUCTS_DIR; };
		180C3B171BD9F0F400E7E5F5 /* DonateParkSpotUITests.swift */ = {isa = PBXFileReference; lastKnownFileType = sourcecode.swift; path = DonateParkSpotUITests.swift; sourceTree = "<group>"; };
		180C3B191BD9F0F400E7E5F5 /* Info.plist */ = {isa = PBXFileReference; lastKnownFileType = text.plist.xml; path = Info.plist; sourceTree = "<group>"; };
		180C3B251BDA923900E7E5F5 /* LoginViewController.swift */ = {isa = PBXFileReference; fileEncoding = 4; lastKnownFileType = sourcecode.swift; path = LoginViewController.swift; sourceTree = "<group>"; };
		180C3B271BDA932C00E7E5F5 /* RegisterViewController.swift */ = {isa = PBXFileReference; fileEncoding = 4; lastKnownFileType = sourcecode.swift; path = RegisterViewController.swift; sourceTree = "<group>"; };
		180C3B291BDAA0B400E7E5F5 /* MapViewController.swift */ = {isa = PBXFileReference; fileEncoding = 4; lastKnownFileType = sourcecode.swift; path = MapViewController.swift; sourceTree = "<group>"; };
		18AE41601BE84EB000A4A62B /* BackTableVC.swift */ = {isa = PBXFileReference; fileEncoding = 4; lastKnownFileType = sourcecode.swift; path = BackTableVC.swift; sourceTree = "<group>"; };
		18AE41641BE84FE400A4A62B /* SWRevealViewController.h */ = {isa = PBXFileReference; lastKnownFileType = sourcecode.c.h; path = SWRevealViewController.h; sourceTree = "<group>"; };
		18AE41661BE84FEB00A4A62B /* SWRevealViewController.m */ = {isa = PBXFileReference; fileEncoding = 4; lastKnownFileType = sourcecode.c.objc; path = SWRevealViewController.m; sourceTree = "<group>"; };
		18AE41681BE8500E00A4A62B /* DonateParkSpot-Bridging-Header.h */ = {isa = PBXFileReference; lastKnownFileType = sourcecode.c.h; path = "DonateParkSpot-Bridging-Header.h"; sourceTree = "<group>"; };
		18AE41731BEE907800A4A62B /* test.png */ = {isa = PBXFileReference; lastKnownFileType = image.png; path = test.png; sourceTree = "<group>"; };
		B80CB6591BE30A9600746CEB /* MySpotDetail.swift */ = {isa = PBXFileReference; fileEncoding = 4; lastKnownFileType = sourcecode.swift; path = MySpotDetail.swift; sourceTree = "<group>"; };
		B8179AF91BE0628B00F218F1 /* MySpotTableViewController.swift */ = {isa = PBXFileReference; fileEncoding = 4; lastKnownFileType = sourcecode.swift; name = MySpotTableViewController.swift; path = ../MySpotTableViewController.swift; sourceTree = "<group>"; };
		B89892161BED996600DEF1B5 /* MySpotMultiBidTableViewCell.swift */ = {isa = PBXFileReference; fileEncoding = 4; lastKnownFileType = sourcecode.swift; path = MySpotMultiBidTableViewCell.swift; sourceTree = "<group>"; };
		B8A1093E1BF6E86D003503B1 /* MyBidTableViewController.swift */ = {isa = PBXFileReference; fileEncoding = 4; lastKnownFileType = sourcecode.swift; path = MyBidTableViewController.swift; sourceTree = "<group>"; };
		B8A109401BF6F184003503B1 /* MyBidTableViewCell.swift */ = {isa = PBXFileReference; fileEncoding = 4; lastKnownFileType = sourcecode.swift; path = MyBidTableViewCell.swift; sourceTree = "<group>"; };
		B8A33A911BEAFE5F0007E77E /* MySpotMultiBidTableViewController.swift */ = {isa = PBXFileReference; fileEncoding = 4; lastKnownFileType = sourcecode.swift; path = MySpotMultiBidTableViewController.swift; sourceTree = "<group>"; };
/* End PBXFileReference section */

/* Begin PBXFrameworksBuildPhase section */
		180C3AEE1BD9F0F400E7E5F5 /* Frameworks */ = {
			isa = PBXFrameworksBuildPhase;
			buildActionMask = 2147483647;
			files = (
				180A14A31BDBF941005F4221 /* libsqlite3.tbd in Frameworks */,
				180A14A11BDBF937005F4221 /* libz.tbd in Frameworks */,
				180A149F1BDBF928005F4221 /* SystemConfiguration.framework in Frameworks */,
				180A149D1BDBF916005F4221 /* StoreKit.framework in Frameworks */,
				180A149B1BDBF90B005F4221 /* Social.framework in Frameworks */,
				180A14991BDBF903005F4221 /* Security.framework in Frameworks */,
				180A14971BDBF8F7005F4221 /* QuartzCore.framework in Frameworks */,
				180A14951BDBF8ED005F4221 /* CoreLocation.framework in Frameworks */,
				180A14931BDBF8E5005F4221 /* CoreGraphics.framework in Frameworks */,
				180A14911BDBF8DB005F4221 /* CFNetwork.framework in Frameworks */,
				180A148F1BDBF8D0005F4221 /* AudioToolbox.framework in Frameworks */,
				180A148D1BDBF8C5005F4221 /* Accounts.framework in Frameworks */,
				180A14851BDBF883005F4221 /* Parse.framework in Frameworks */,
				180A14861BDBF883005F4221 /* ParseCrashReporting.framework in Frameworks */,
				180A148A1BDBF883005F4221 /* ParseUI.framework in Frameworks */,
				180A14871BDBF883005F4221 /* ParseFacebookUtils.framework in Frameworks */,
				180A14841BDBF883005F4221 /* Bolts.framework in Frameworks */,
				180A14891BDBF883005F4221 /* ParseTwitterUtils.framework in Frameworks */,
				180A14881BDBF883005F4221 /* ParseFacebookUtilsV4.framework in Frameworks */,
			);
			runOnlyForDeploymentPostprocessing = 0;
		};
		180C3B051BD9F0F400E7E5F5 /* Frameworks */ = {
			isa = PBXFrameworksBuildPhase;
			buildActionMask = 2147483647;
			files = (
			);
			runOnlyForDeploymentPostprocessing = 0;
		};
		180C3B101BD9F0F400E7E5F5 /* Frameworks */ = {
			isa = PBXFrameworksBuildPhase;
			buildActionMask = 2147483647;
			files = (
			);
			runOnlyForDeploymentPostprocessing = 0;
		};
/* End PBXFrameworksBuildPhase section */

/* Begin PBXGroup section */
		180A148B1BDBF889005F4221 /* Framework */ = {
			isa = PBXGroup;
			children = (
				180A14A21BDBF941005F4221 /* libsqlite3.tbd */,
				180A14A01BDBF937005F4221 /* libz.tbd */,
				180A149E1BDBF928005F4221 /* SystemConfiguration.framework */,
				180A149C1BDBF916005F4221 /* StoreKit.framework */,
				180A149A1BDBF90B005F4221 /* Social.framework */,
				180A14981BDBF903005F4221 /* Security.framework */,
				180A14961BDBF8F7005F4221 /* QuartzCore.framework */,
				180A14941BDBF8ED005F4221 /* CoreLocation.framework */,
				180A14921BDBF8E5005F4221 /* CoreGraphics.framework */,
				180A14901BDBF8DB005F4221 /* CFNetwork.framework */,
				180A148E1BDBF8D0005F4221 /* AudioToolbox.framework */,
				180A148C1BDBF8C5005F4221 /* Accounts.framework */,
				180A147D1BDBF883005F4221 /* Bolts.framework */,
				180A147E1BDBF883005F4221 /* Parse.framework */,
				180A147F1BDBF883005F4221 /* ParseCrashReporting.framework */,
				180A14801BDBF883005F4221 /* ParseFacebookUtils.framework */,
				180A14811BDBF883005F4221 /* ParseFacebookUtilsV4.framework */,
				180A14821BDBF883005F4221 /* ParseTwitterUtils.framework */,
				180A14831BDBF883005F4221 /* ParseUI.framework */,
			);
			name = Framework;
			sourceTree = "<group>";
		};
		180C3AE81BD9F0F400E7E5F5 = {
			isa = PBXGroup;
			children = (
				180A148B1BDBF889005F4221 /* Framework */,
				180C3AF31BD9F0F400E7E5F5 /* DonateParkSpot */,
				180C3B0B1BD9F0F400E7E5F5 /* DonateParkSpotTests */,
				180C3B161BD9F0F400E7E5F5 /* DonateParkSpotUITests */,
				180C3AF21BD9F0F400E7E5F5 /* Products */,
			);
			sourceTree = "<group>";
		};
		180C3AF21BD9F0F400E7E5F5 /* Products */ = {
			isa = PBXGroup;
			children = (
				180C3AF11BD9F0F400E7E5F5 /* DonateParkSpot.app */,
				180C3B081BD9F0F400E7E5F5 /* DonateParkSpotTests.xctest */,
				180C3B131BD9F0F400E7E5F5 /* DonateParkSpotUITests.xctest */,
			);
			name = Products;
			sourceTree = "<group>";
		};
		180C3AF31BD9F0F400E7E5F5 /* DonateParkSpot */ = {
			isa = PBXGroup;
			children = (
				18AE416B1BE8781A00A4A62B /* Model */,
				18AE41661BE84FEB00A4A62B /* SWRevealViewController.m */,
				18AE41641BE84FE400A4A62B /* SWRevealViewController.h */,
				18AE41601BE84EB000A4A62B /* BackTableVC.swift */,
				B8179AF91BE0628B00F218F1 /* MySpotTableViewController.swift */,
				B8A33A911BEAFE5F0007E77E /* MySpotMultiBidTableViewController.swift */,
				B89892161BED996600DEF1B5 /* MySpotMultiBidTableViewCell.swift */,
				B8A109401BF6F184003503B1 /* MyBidTableViewCell.swift */,
				10B75D681BE0509D009B88DC /* Location.swift */,
				10B75D691BE0509D009B88DC /* Spot.swift */,
				180A147A1BDB0A37005F4221 /* Main.storyboard */,
				B8A1093E1BF6E86D003503B1 /* MyBidTableViewController.swift */,
				18AE41731BEE907800A4A62B /* test.png */,
				B80CB6591BE30A9600746CEB /* MySpotDetail.swift */,
				180C3AF41BD9F0F400E7E5F5 /* AppDelegate.swift */,
				180C3AF61BD9F0F400E7E5F5 /* ViewController.swift */,
				180C3B291BDAA0B400E7E5F5 /* MapViewController.swift */,
				18AE41681BE8500E00A4A62B /* DonateParkSpot-Bridging-Header.h */,
				180C3AFE1BD9F0F400E7E5F5 /* Assets.xcassets */,
				180C3B001BD9F0F400E7E5F5 /* LaunchScreen.storyboard */,
				180C3B031BD9F0F400E7E5F5 /* Info.plist */,
				180C3AFB1BD9F0F400E7E5F5 /* DonateParkSpot.xcdatamodeld */,
				180C3B251BDA923900E7E5F5 /* LoginViewController.swift */,
				180C3B271BDA932C00E7E5F5 /* RegisterViewController.swift */,
				180A14A41BDC1554005F4221 /* CustomerAnnotation.swift */,
				180A14A61BDC16E9005F4221 /* User.swift */,
				10B75D6C1BE06949009B88DC /* Bid.swift */,
				180A14AC1BDC5074005F4221 /* SpotDetailViewController.swift */,
				10B75D6E1BE1932D009B88DC /* SearchHistory.swift */,
				10A79C941BE2D04900D26027 /* BuyDetailController.swift */,
			);
			path = DonateParkSpot;
			sourceTree = "<group>";
		};
		180C3B0B1BD9F0F400E7E5F5 /* DonateParkSpotTests */ = {
			isa = PBXGroup;
			children = (
				180C3B0C1BD9F0F400E7E5F5 /* DonateParkSpotTests.swift */,
				180C3B0E1BD9F0F400E7E5F5 /* Info.plist */,
			);
			path = DonateParkSpotTests;
			sourceTree = "<group>";
		};
		180C3B161BD9F0F400E7E5F5 /* DonateParkSpotUITests */ = {
			isa = PBXGroup;
			children = (
				180C3B171BD9F0F400E7E5F5 /* DonateParkSpotUITests.swift */,
				180C3B191BD9F0F400E7E5F5 /* Info.plist */,
			);
			path = DonateParkSpotUITests;
			sourceTree = "<group>";
		};
		18AE416B1BE8781A00A4A62B /* Model */ = {
			isa = PBXGroup;
			children = (
			);
			name = Model;
			sourceTree = "<group>";
		};
/* End PBXGroup section */

/* Begin PBXNativeTarget section */
		180C3AF01BD9F0F400E7E5F5 /* DonateParkSpot */ = {
			isa = PBXNativeTarget;
			buildConfigurationList = 180C3B1C1BD9F0F400E7E5F5 /* Build configuration list for PBXNativeTarget "DonateParkSpot" */;
			buildPhases = (
				180C3AED1BD9F0F400E7E5F5 /* Sources */,
				180C3AEE1BD9F0F400E7E5F5 /* Frameworks */,
				180C3AEF1BD9F0F400E7E5F5 /* Resources */,
			);
			buildRules = (
			);
			dependencies = (
			);
			name = DonateParkSpot;
			productName = DonateParkSpot;
			productReference = 180C3AF11BD9F0F400E7E5F5 /* DonateParkSpot.app */;
			productType = "com.apple.product-type.application";
		};
		180C3B071BD9F0F400E7E5F5 /* DonateParkSpotTests */ = {
			isa = PBXNativeTarget;
			buildConfigurationList = 180C3B1F1BD9F0F400E7E5F5 /* Build configuration list for PBXNativeTarget "DonateParkSpotTests" */;
			buildPhases = (
				180C3B041BD9F0F400E7E5F5 /* Sources */,
				180C3B051BD9F0F400E7E5F5 /* Frameworks */,
				180C3B061BD9F0F400E7E5F5 /* Resources */,
			);
			buildRules = (
			);
			dependencies = (
				180C3B0A1BD9F0F400E7E5F5 /* PBXTargetDependency */,
			);
			name = DonateParkSpotTests;
			productName = DonateParkSpotTests;
			productReference = 180C3B081BD9F0F400E7E5F5 /* DonateParkSpotTests.xctest */;
			productType = "com.apple.product-type.bundle.unit-test";
		};
		180C3B121BD9F0F400E7E5F5 /* DonateParkSpotUITests */ = {
			isa = PBXNativeTarget;
			buildConfigurationList = 180C3B221BD9F0F400E7E5F5 /* Build configuration list for PBXNativeTarget "DonateParkSpotUITests" */;
			buildPhases = (
				180C3B0F1BD9F0F400E7E5F5 /* Sources */,
				180C3B101BD9F0F400E7E5F5 /* Frameworks */,
				180C3B111BD9F0F400E7E5F5 /* Resources */,
			);
			buildRules = (
			);
			dependencies = (
				180C3B151BD9F0F400E7E5F5 /* PBXTargetDependency */,
			);
			name = DonateParkSpotUITests;
			productName = DonateParkSpotUITests;
			productReference = 180C3B131BD9F0F400E7E5F5 /* DonateParkSpotUITests.xctest */;
			productType = "com.apple.product-type.bundle.ui-testing";
		};
/* End PBXNativeTarget section */

/* Begin PBXProject section */
		180C3AE91BD9F0F400E7E5F5 /* Project object */ = {
			isa = PBXProject;
			attributes = {
				LastSwiftUpdateCheck = 0700;
				LastUpgradeCheck = 0700;
				ORGANIZATIONNAME = Apple;
				TargetAttributes = {
					180C3AF01BD9F0F400E7E5F5 = {
						CreatedOnToolsVersion = 7.0.1;
					};
					180C3B071BD9F0F400E7E5F5 = {
						CreatedOnToolsVersion = 7.0.1;
						TestTargetID = 180C3AF01BD9F0F400E7E5F5;
					};
					180C3B121BD9F0F400E7E5F5 = {
						CreatedOnToolsVersion = 7.0.1;
						TestTargetID = 180C3AF01BD9F0F400E7E5F5;
					};
				};
			};
			buildConfigurationList = 180C3AEC1BD9F0F400E7E5F5 /* Build configuration list for PBXProject "DonateParkSpot" */;
			compatibilityVersion = "Xcode 3.2";
			developmentRegion = English;
			hasScannedForEncodings = 0;
			knownRegions = (
				en,
				Base,
			);
			mainGroup = 180C3AE81BD9F0F400E7E5F5;
			productRefGroup = 180C3AF21BD9F0F400E7E5F5 /* Products */;
			projectDirPath = "";
			projectRoot = "";
			targets = (
				180C3AF01BD9F0F400E7E5F5 /* DonateParkSpot */,
				180C3B071BD9F0F400E7E5F5 /* DonateParkSpotTests */,
				180C3B121BD9F0F400E7E5F5 /* DonateParkSpotUITests */,
			);
		};
/* End PBXProject section */

/* Begin PBXResourcesBuildPhase section */
		180C3AEF1BD9F0F400E7E5F5 /* Resources */ = {
			isa = PBXResourcesBuildPhase;
			buildActionMask = 2147483647;
			files = (
				180A147C1BDB0A37005F4221 /* Main.storyboard in Resources */,
				180C3B021BD9F0F400E7E5F5 /* LaunchScreen.storyboard in Resources */,
				180C3AFF1BD9F0F400E7E5F5 /* Assets.xcassets in Resources */,
				18AE41741BEE907800A4A62B /* test.png in Resources */,
			);
			runOnlyForDeploymentPostprocessing = 0;
		};
		180C3B061BD9F0F400E7E5F5 /* Resources */ = {
			isa = PBXResourcesBuildPhase;
			buildActionMask = 2147483647;
			files = (
			);
			runOnlyForDeploymentPostprocessing = 0;
		};
		180C3B111BD9F0F400E7E5F5 /* Resources */ = {
			isa = PBXResourcesBuildPhase;
			buildActionMask = 2147483647;
			files = (
			);
			runOnlyForDeploymentPostprocessing = 0;
		};
/* End PBXResourcesBuildPhase section */

/* Begin PBXSourcesBuildPhase section */
		180C3AED1BD9F0F400E7E5F5 /* Sources */ = {
			isa = PBXSourcesBuildPhase;
			buildActionMask = 2147483647;
			files = (
				180C3B261BDA923900E7E5F5 /* LoginViewController.swift in Sources */,
				18AE41671BE84FEB00A4A62B /* SWRevealViewController.m in Sources */,
				B8179AFA1BE0628B00F218F1 /* MySpotTableViewController.swift in Sources */,
				B89892171BED996600DEF1B5 /* MySpotMultiBidTableViewCell.swift in Sources */,
				B8A33A921BEAFE5F0007E77E /* MySpotMultiBidTableViewController.swift in Sources */,
				18AE41611BE84EB000A4A62B /* BackTableVC.swift in Sources */,
				180C3B2A1BDAA0B400E7E5F5 /* MapViewController.swift in Sources */,
				B8A1093F1BF6E86D003503B1 /* MyBidTableViewController.swift in Sources */,
				10B75D6A1BE0509D009B88DC /* Location.swift in Sources */,
				180A14A51BDC1554005F4221 /* CustomerAnnotation.swift in Sources */,
				180C3B281BDA932C00E7E5F5 /* RegisterViewController.swift in Sources */,
				180A14A71BDC16E9005F4221 /* User.swift in Sources */,
				180C3AFD1BD9F0F400E7E5F5 /* DonateParkSpot.xcdatamodeld in Sources */,
				B8A109411BF6F184003503B1 /* MyBidTableViewCell.swift in Sources */,
				10B75D6D1BE06949009B88DC /* Bid.swift in Sources */,
				180A14AD1BDC5074005F4221 /* SpotDetailViewController.swift in Sources */,
				B80CB65A1BE30A9600746CEB /* MySpotDetail.swift in Sources */,
				10A79C951BE2D04900D26027 /* BuyDetailController.swift in Sources */,
				10B75D6F1BE1932D009B88DC /* SearchHistory.swift in Sources */,
				10B75D6B1BE0509D009B88DC /* Spot.swift in Sources */,
				180C3AF71BD9F0F400E7E5F5 /* ViewController.swift in Sources */,
				180C3AF51BD9F0F400E7E5F5 /* AppDelegate.swift in Sources */,
			);
			runOnlyForDeploymentPostprocessing = 0;
		};
		180C3B041BD9F0F400E7E5F5 /* Sources */ = {
			isa = PBXSourcesBuildPhase;
			buildActionMask = 2147483647;
			files = (
				180C3B0D1BD9F0F400E7E5F5 /* DonateParkSpotTests.swift in Sources */,
			);
			runOnlyForDeploymentPostprocessing = 0;
		};
		180C3B0F1BD9F0F400E7E5F5 /* Sources */ = {
			isa = PBXSourcesBuildPhase;
			buildActionMask = 2147483647;
			files = (
				180C3B181BD9F0F400E7E5F5 /* DonateParkSpotUITests.swift in Sources */,
			);
			runOnlyForDeploymentPostprocessing = 0;
		};
/* End PBXSourcesBuildPhase section */

/* Begin PBXTargetDependency section */
		180C3B0A1BD9F0F400E7E5F5 /* PBXTargetDependency */ = {
			isa = PBXTargetDependency;
			target = 180C3AF01BD9F0F400E7E5F5 /* DonateParkSpot */;
			targetProxy = 180C3B091BD9F0F400E7E5F5 /* PBXContainerItemProxy */;
		};
		180C3B151BD9F0F400E7E5F5 /* PBXTargetDependency */ = {
			isa = PBXTargetDependency;
			target = 180C3AF01BD9F0F400E7E5F5 /* DonateParkSpot */;
			targetProxy = 180C3B141BD9F0F400E7E5F5 /* PBXContainerItemProxy */;
		};
/* End PBXTargetDependency section */

/* Begin PBXVariantGroup section */
		180A147A1BDB0A37005F4221 /* Main.storyboard */ = {
			isa = PBXVariantGroup;
			children = (
				180A147B1BDB0A37005F4221 /* Base */,
			);
			name = Main.storyboard;
			sourceTree = "<group>";
		};
		180C3B001BD9F0F400E7E5F5 /* LaunchScreen.storyboard */ = {
			isa = PBXVariantGroup;
			children = (
				180C3B011BD9F0F400E7E5F5 /* Base */,
			);
			name = LaunchScreen.storyboard;
			sourceTree = "<group>";
		};
/* End PBXVariantGroup section */

/* Begin XCBuildConfiguration section */
		180C3B1A1BD9F0F400E7E5F5 /* Debug */ = {
			isa = XCBuildConfiguration;
			buildSettings = {
				ALWAYS_SEARCH_USER_PATHS = NO;
				CLANG_CXX_LANGUAGE_STANDARD = "gnu++0x";
				CLANG_CXX_LIBRARY = "libc++";
				CLANG_ENABLE_MODULES = YES;
				CLANG_ENABLE_OBJC_ARC = YES;
				CLANG_WARN_BOOL_CONVERSION = YES;
				CLANG_WARN_CONSTANT_CONVERSION = YES;
				CLANG_WARN_DIRECT_OBJC_ISA_USAGE = YES_ERROR;
				CLANG_WARN_EMPTY_BODY = YES;
				CLANG_WARN_ENUM_CONVERSION = YES;
				CLANG_WARN_INT_CONVERSION = YES;
				CLANG_WARN_OBJC_ROOT_CLASS = YES_ERROR;
				CLANG_WARN_UNREACHABLE_CODE = YES;
				CLANG_WARN__DUPLICATE_METHOD_MATCH = YES;
				"CODE_SIGN_IDENTITY[sdk=iphoneos*]" = "iPhone Developer";
				COPY_PHASE_STRIP = NO;
				DEBUG_INFORMATION_FORMAT = dwarf;
				ENABLE_STRICT_OBJC_MSGSEND = YES;
				ENABLE_TESTABILITY = YES;
				GCC_C_LANGUAGE_STANDARD = gnu99;
				GCC_DYNAMIC_NO_PIC = NO;
				GCC_NO_COMMON_BLOCKS = YES;
				GCC_OPTIMIZATION_LEVEL = 0;
				GCC_PREPROCESSOR_DEFINITIONS = (
					"DEBUG=1",
					"$(inherited)",
				);
				GCC_WARN_64_TO_32_BIT_CONVERSION = YES;
				GCC_WARN_ABOUT_RETURN_TYPE = YES_ERROR;
				GCC_WARN_UNDECLARED_SELECTOR = YES;
				GCC_WARN_UNINITIALIZED_AUTOS = YES_AGGRESSIVE;
				GCC_WARN_UNUSED_FUNCTION = YES;
				GCC_WARN_UNUSED_VARIABLE = YES;
				IPHONEOS_DEPLOYMENT_TARGET = 9.0;
				MTL_ENABLE_DEBUG_INFO = YES;
				ONLY_ACTIVE_ARCH = YES;
				SDKROOT = iphoneos;
				SWIFT_OPTIMIZATION_LEVEL = "-Onone";
				TARGETED_DEVICE_FAMILY = "1,2";
			};
			name = Debug;
		};
		180C3B1B1BD9F0F400E7E5F5 /* Release */ = {
			isa = XCBuildConfiguration;
			buildSettings = {
				ALWAYS_SEARCH_USER_PATHS = NO;
				CLANG_CXX_LANGUAGE_STANDARD = "gnu++0x";
				CLANG_CXX_LIBRARY = "libc++";
				CLANG_ENABLE_MODULES = YES;
				CLANG_ENABLE_OBJC_ARC = YES;
				CLANG_WARN_BOOL_CONVERSION = YES;
				CLANG_WARN_CONSTANT_CONVERSION = YES;
				CLANG_WARN_DIRECT_OBJC_ISA_USAGE = YES_ERROR;
				CLANG_WARN_EMPTY_BODY = YES;
				CLANG_WARN_ENUM_CONVERSION = YES;
				CLANG_WARN_INT_CONVERSION = YES;
				CLANG_WARN_OBJC_ROOT_CLASS = YES_ERROR;
				CLANG_WARN_UNREACHABLE_CODE = YES;
				CLANG_WARN__DUPLICATE_METHOD_MATCH = YES;
				"CODE_SIGN_IDENTITY[sdk=iphoneos*]" = "iPhone Developer";
				COPY_PHASE_STRIP = NO;
				DEBUG_INFORMATION_FORMAT = "dwarf-with-dsym";
				ENABLE_NS_ASSERTIONS = NO;
				ENABLE_STRICT_OBJC_MSGSEND = YES;
				GCC_C_LANGUAGE_STANDARD = gnu99;
				GCC_NO_COMMON_BLOCKS = YES;
				GCC_WARN_64_TO_32_BIT_CONVERSION = YES;
				GCC_WARN_ABOUT_RETURN_TYPE = YES_ERROR;
				GCC_WARN_UNDECLARED_SELECTOR = YES;
				GCC_WARN_UNINITIALIZED_AUTOS = YES_AGGRESSIVE;
				GCC_WARN_UNUSED_FUNCTION = YES;
				GCC_WARN_UNUSED_VARIABLE = YES;
				IPHONEOS_DEPLOYMENT_TARGET = 9.0;
				MTL_ENABLE_DEBUG_INFO = NO;
				SDKROOT = iphoneos;
				TARGETED_DEVICE_FAMILY = "1,2";
				VALIDATE_PRODUCT = YES;
			};
			name = Release;
		};
		180C3B1D1BD9F0F400E7E5F5 /* Debug */ = {
			isa = XCBuildConfiguration;
			buildSettings = {
				ASSETCATALOG_COMPILER_APPICON_NAME = AppIcon;
				CLANG_ENABLE_MODULES = YES;
				FRAMEWORK_SEARCH_PATHS = (
					"$(inherited)",
					"$(PROJECT_DIR)/DonateParkSpot",
				);
				INFOPLIST_FILE = DonateParkSpot/Info.plist;
				LD_RUNPATH_SEARCH_PATHS = "$(inherited) @executable_path/Frameworks";
				PRODUCT_BUNDLE_IDENTIFIER = com.depaul.Emma.DonateParkSpot;
				PRODUCT_NAME = "$(TARGET_NAME)";
				SWIFT_OBJC_BRIDGING_HEADER = "DonateParkSpot/DonateParkSpot-Bridging-Header.h";
				SWIFT_OPTIMIZATION_LEVEL = "-Onone";
			};
			name = Debug;
		};
		180C3B1E1BD9F0F400E7E5F5 /* Release */ = {
			isa = XCBuildConfiguration;
			buildSettings = {
				ASSETCATALOG_COMPILER_APPICON_NAME = AppIcon;
				CLANG_ENABLE_MODULES = YES;
				FRAMEWORK_SEARCH_PATHS = (
					"$(inherited)",
					"$(PROJECT_DIR)/DonateParkSpot",
				);
				INFOPLIST_FILE = DonateParkSpot/Info.plist;
				LD_RUNPATH_SEARCH_PATHS = "$(inherited) @executable_path/Frameworks";
				PRODUCT_BUNDLE_IDENTIFIER = com.depaul.Emma.DonateParkSpot;
				PRODUCT_NAME = "$(TARGET_NAME)";
				SWIFT_OBJC_BRIDGING_HEADER = "DonateParkSpot/DonateParkSpot-Bridging-Header.h";
			};
			name = Release;
		};
		180C3B201BD9F0F400E7E5F5 /* Debug */ = {
			isa = XCBuildConfiguration;
			buildSettings = {
				BUNDLE_LOADER = "$(TEST_HOST)";
				INFOPLIST_FILE = DonateParkSpotTests/Info.plist;
				LD_RUNPATH_SEARCH_PATHS = "$(inherited) @executable_path/Frameworks @loader_path/Frameworks";
				PRODUCT_BUNDLE_IDENTIFIER = com.depaul.Emma.DonateParkSpotTests;
				PRODUCT_NAME = "$(TARGET_NAME)";
				TEST_HOST = "$(BUILT_PRODUCTS_DIR)/DonateParkSpot.app/DonateParkSpot";
			};
			name = Debug;
		};
		180C3B211BD9F0F400E7E5F5 /* Release */ = {
			isa = XCBuildConfiguration;
			buildSettings = {
				BUNDLE_LOADER = "$(TEST_HOST)";
				INFOPLIST_FILE = DonateParkSpotTests/Info.plist;
				LD_RUNPATH_SEARCH_PATHS = "$(inherited) @executable_path/Frameworks @loader_path/Frameworks";
				PRODUCT_BUNDLE_IDENTIFIER = com.depaul.Emma.DonateParkSpotTests;
				PRODUCT_NAME = "$(TARGET_NAME)";
				TEST_HOST = "$(BUILT_PRODUCTS_DIR)/DonateParkSpot.app/DonateParkSpot";
			};
			name = Release;
		};
		180C3B231BD9F0F400E7E5F5 /* Debug */ = {
			isa = XCBuildConfiguration;
			buildSettings = {
				INFOPLIST_FILE = DonateParkSpotUITests/Info.plist;
				LD_RUNPATH_SEARCH_PATHS = "$(inherited) @executable_path/Frameworks @loader_path/Frameworks";
				PRODUCT_BUNDLE_IDENTIFIER = com.depaul.Emma.DonateParkSpotUITests;
				PRODUCT_NAME = "$(TARGET_NAME)";
				TEST_TARGET_NAME = DonateParkSpot;
				USES_XCTRUNNER = YES;
			};
			name = Debug;
		};
		180C3B241BD9F0F400E7E5F5 /* Release */ = {
			isa = XCBuildConfiguration;
			buildSettings = {
				INFOPLIST_FILE = DonateParkSpotUITests/Info.plist;
				LD_RUNPATH_SEARCH_PATHS = "$(inherited) @executable_path/Frameworks @loader_path/Frameworks";
				PRODUCT_BUNDLE_IDENTIFIER = com.depaul.Emma.DonateParkSpotUITests;
				PRODUCT_NAME = "$(TARGET_NAME)";
				TEST_TARGET_NAME = DonateParkSpot;
				USES_XCTRUNNER = YES;
			};
			name = Release;
		};
/* End XCBuildConfiguration section */

/* Begin XCConfigurationList section */
		180C3AEC1BD9F0F400E7E5F5 /* Build configuration list for PBXProject "DonateParkSpot" */ = {
			isa = XCConfigurationList;
			buildConfigurations = (
				180C3B1A1BD9F0F400E7E5F5 /* Debug */,
				180C3B1B1BD9F0F400E7E5F5 /* Release */,
			);
			defaultConfigurationIsVisible = 0;
			defaultConfigurationName = Release;
		};
		180C3B1C1BD9F0F400E7E5F5 /* Build configuration list for PBXNativeTarget "DonateParkSpot" */ = {
			isa = XCConfigurationList;
			buildConfigurations = (
				180C3B1D1BD9F0F400E7E5F5 /* Debug */,
				180C3B1E1BD9F0F400E7E5F5 /* Release */,
			);
			defaultConfigurationIsVisible = 0;
			defaultConfigurationName = Release;
		};
		180C3B1F1BD9F0F400E7E5F5 /* Build configuration list for PBXNativeTarget "DonateParkSpotTests" */ = {
			isa = XCConfigurationList;
			buildConfigurations = (
				180C3B201BD9F0F400E7E5F5 /* Debug */,
				180C3B211BD9F0F400E7E5F5 /* Release */,
			);
			defaultConfigurationIsVisible = 0;
			defaultConfigurationName = Release;
		};
		180C3B221BD9F0F400E7E5F5 /* Build configuration list for PBXNativeTarget "DonateParkSpotUITests" */ = {
			isa = XCConfigurationList;
			buildConfigurations = (
				180C3B231BD9F0F400E7E5F5 /* Debug */,
				180C3B241BD9F0F400E7E5F5 /* Release */,
			);
			defaultConfigurationIsVisible = 0;
			defaultConfigurationName = Release;
		};
/* End XCConfigurationList section */

/* Begin XCVersionGroup section */
		180C3AFB1BD9F0F400E7E5F5 /* DonateParkSpot.xcdatamodeld */ = {
			isa = XCVersionGroup;
			children = (
				180C3AFC1BD9F0F400E7E5F5 /* DonateParkSpot.xcdatamodel */,
			);
			currentVersion = 180C3AFC1BD9F0F400E7E5F5 /* DonateParkSpot.xcdatamodel */;
			path = DonateParkSpot.xcdatamodeld;
			sourceTree = "<group>";
			versionGroupType = wrapper.xcdatamodel;
		};
/* End XCVersionGroup section */
	};
	rootObject = 180C3AE91BD9F0F400E7E5F5 /* Project object */;
}
