// !$*UTF8*$!
{
	archiveVersion = 1;
	classes = {
	};
	objectVersion = 46;
	objects = {

/* Begin PBXBuildFile section */
		187393E21BD56EEE00998B0D /* AppDelegate.swift in Sources */ = {isa = PBXBuildFile; fileRef = 187393E11BD56EEE00998B0D /* AppDelegate.swift */; };
		187393E41BD56EEE00998B0D /* ViewController.swift in Sources */ = {isa = PBXBuildFile; fileRef = 187393E31BD56EEE00998B0D /* ViewController.swift */; };
		187393E71BD56EEE00998B0D /* Main.storyboard in Resources */ = {isa = PBXBuildFile; fileRef = 187393E51BD56EEE00998B0D /* Main.storyboard */; };
		187393EA1BD56EEE00998B0D /* DonatingParkingSpotE2.xcdatamodeld in Sources */ = {isa = PBXBuildFile; fileRef = 187393E81BD56EEE00998B0D /* DonatingParkingSpotE2.xcdatamodeld */; };
		187393EC1BD56EEE00998B0D /* Assets.xcassets in Resources */ = {isa = PBXBuildFile; fileRef = 187393EB1BD56EEE00998B0D /* Assets.xcassets */; };
		187393EF1BD56EEE00998B0D /* LaunchScreen.storyboard in Resources */ = {isa = PBXBuildFile; fileRef = 187393ED1BD56EEE00998B0D /* LaunchScreen.storyboard */; };
		187393FA1BD56EEE00998B0D /* DonatingParkingSpotE2Tests.swift in Sources */ = {isa = PBXBuildFile; fileRef = 187393F91BD56EEE00998B0D /* DonatingParkingSpotE2Tests.swift */; };
		187394051BD56EEE00998B0D /* DonatingParkingSpotE2UITests.swift in Sources */ = {isa = PBXBuildFile; fileRef = 187394041BD56EEE00998B0D /* DonatingParkingSpotE2UITests.swift */; };
/* End PBXBuildFile section */

/* Begin PBXContainerItemProxy section */
		187393F61BD56EEE00998B0D /* PBXContainerItemProxy */ = {
			isa = PBXContainerItemProxy;
			containerPortal = 187393D61BD56EEE00998B0D /* Project object */;
			proxyType = 1;
			remoteGlobalIDString = 187393DD1BD56EEE00998B0D;
			remoteInfo = DonatingParkingSpotE2;
		};
		187394011BD56EEE00998B0D /* PBXContainerItemProxy */ = {
			isa = PBXContainerItemProxy;
			containerPortal = 187393D61BD56EEE00998B0D /* Project object */;
			proxyType = 1;
			remoteGlobalIDString = 187393DD1BD56EEE00998B0D;
			remoteInfo = DonatingParkingSpotE2;
		};
/* End PBXContainerItemProxy section */

/* Begin PBXFileReference section */
		187393DE1BD56EEE00998B0D /* DonatingParkingSpotE2.app */ = {isa = PBXFileReference; explicitFileType = wrapper.application; includeInIndex = 0; path = DonatingParkingSpotE2.app; sourceTree = BUILT_PRODUCTS_DIR; };
		187393E11BD56EEE00998B0D /* AppDelegate.swift */ = {isa = PBXFileReference; lastKnownFileType = sourcecode.swift; path = AppDelegate.swift; sourceTree = "<group>"; };
		187393E31BD56EEE00998B0D /* ViewController.swift */ = {isa = PBXFileReference; lastKnownFileType = sourcecode.swift; path = ViewController.swift; sourceTree = "<group>"; };
		187393E61BD56EEE00998B0D /* Base */ = {isa = PBXFileReference; lastKnownFileType = file.storyboard; name = Base; path = Base.lproj/Main.storyboard; sourceTree = "<group>"; };
		187393E91BD56EEE00998B0D /* DonatingParkingSpotE2.xcdatamodel */ = {isa = PBXFileReference; lastKnownFileType = wrapper.xcdatamodel; path = DonatingParkingSpotE2.xcdatamodel; sourceTree = "<group>"; };
		187393EB1BD56EEE00998B0D /* Assets.xcassets */ = {isa = PBXFileReference; lastKnownFileType = folder.assetcatalog; path = Assets.xcassets; sourceTree = "<group>"; };
		187393EE1BD56EEE00998B0D /* Base */ = {isa = PBXFileReference; lastKnownFileType = file.storyboard; name = Base; path = Base.lproj/LaunchScreen.storyboard; sourceTree = "<group>"; };
		187393F01BD56EEE00998B0D /* Info.plist */ = {isa = PBXFileReference; lastKnownFileType = text.plist.xml; path = Info.plist; sourceTree = "<group>"; };
		187393F51BD56EEE00998B0D /* DonatingParkingSpotE2Tests.xctest */ = {isa = PBXFileReference; explicitFileType = wrapper.cfbundle; includeInIndex = 0; path = DonatingParkingSpotE2Tests.xctest; sourceTree = BUILT_PRODUCTS_DIR; };
		187393F91BD56EEE00998B0D /* DonatingParkingSpotE2Tests.swift */ = {isa = PBXFileReference; lastKnownFileType = sourcecode.swift; path = DonatingParkingSpotE2Tests.swift; sourceTree = "<group>"; };
		187393FB1BD56EEE00998B0D /* Info.plist */ = {isa = PBXFileReference; lastKnownFileType = text.plist.xml; path = Info.plist; sourceTree = "<group>"; };
		187394001BD56EEE00998B0D /* DonatingParkingSpotE2UITests.xctest */ = {isa = PBXFileReference; explicitFileType = wrapper.cfbundle; includeInIndex = 0; path = DonatingParkingSpotE2UITests.xctest; sourceTree = BUILT_PRODUCTS_DIR; };
		187394041BD56EEE00998B0D /* DonatingParkingSpotE2UITests.swift */ = {isa = PBXFileReference; lastKnownFileType = sourcecode.swift; path = DonatingParkingSpotE2UITests.swift; sourceTree = "<group>"; };
		187394061BD56EEE00998B0D /* Info.plist */ = {isa = PBXFileReference; lastKnownFileType = text.plist.xml; path = Info.plist; sourceTree = "<group>"; };
/* End PBXFileReference section */

/* Begin PBXFrameworksBuildPhase section */
		187393DB1BD56EEE00998B0D /* Frameworks */ = {
			isa = PBXFrameworksBuildPhase;
			buildActionMask = 2147483647;
			files = (
			);
			runOnlyForDeploymentPostprocessing = 0;
		};
		187393F21BD56EEE00998B0D /* Frameworks */ = {
			isa = PBXFrameworksBuildPhase;
			buildActionMask = 2147483647;
			files = (
			);
			runOnlyForDeploymentPostprocessing = 0;
		};
		187393FD1BD56EEE00998B0D /* Frameworks */ = {
			isa = PBXFrameworksBuildPhase;
			buildActionMask = 2147483647;
			files = (
			);
			runOnlyForDeploymentPostprocessing = 0;
		};
/* End PBXFrameworksBuildPhase section */

/* Begin PBXGroup section */
		187393D51BD56EEE00998B0D = {
			isa = PBXGroup;
			children = (
				187393E01BD56EEE00998B0D /* DonatingParkingSpotE2 */,
				187393F81BD56EEE00998B0D /* DonatingParkingSpotE2Tests */,
				187394031BD56EEE00998B0D /* DonatingParkingSpotE2UITests */,
				187393DF1BD56EEE00998B0D /* Products */,
			);
			sourceTree = "<group>";
		};
		187393DF1BD56EEE00998B0D /* Products */ = {
			isa = PBXGroup;
			children = (
				187393DE1BD56EEE00998B0D /* DonatingParkingSpotE2.app */,
				187393F51BD56EEE00998B0D /* DonatingParkingSpotE2Tests.xctest */,
				187394001BD56EEE00998B0D /* DonatingParkingSpotE2UITests.xctest */,
			);
			name = Products;
			sourceTree = "<group>";
		};
		187393E01BD56EEE00998B0D /* DonatingParkingSpotE2 */ = {
			isa = PBXGroup;
			children = (
				187393E11BD56EEE00998B0D /* AppDelegate.swift */,
				187393E31BD56EEE00998B0D /* ViewController.swift */,
				187393E51BD56EEE00998B0D /* Main.storyboard */,
				187393EB1BD56EEE00998B0D /* Assets.xcassets */,
				187393ED1BD56EEE00998B0D /* LaunchScreen.storyboard */,
				187393F01BD56EEE00998B0D /* Info.plist */,
				187393E81BD56EEE00998B0D /* DonatingParkingSpotE2.xcdatamodeld */,
			);
			path = DonatingParkingSpotE2;
			sourceTree = "<group>";
		};
		187393F81BD56EEE00998B0D /* DonatingParkingSpotE2Tests */ = {
			isa = PBXGroup;
			children = (
				187393F91BD56EEE00998B0D /* DonatingParkingSpotE2Tests.swift */,
				187393FB1BD56EEE00998B0D /* Info.plist */,
			);
			path = DonatingParkingSpotE2Tests;
			sourceTree = "<group>";
		};
		187394031BD56EEE00998B0D /* DonatingParkingSpotE2UITests */ = {
			isa = PBXGroup;
			children = (
				187394041BD56EEE00998B0D /* DonatingParkingSpotE2UITests.swift */,
				187394061BD56EEE00998B0D /* Info.plist */,
			);
			path = DonatingParkingSpotE2UITests;
			sourceTree = "<group>";
		};
/* End PBXGroup section */

/* Begin PBXNativeTarget section */
		187393DD1BD56EEE00998B0D /* DonatingParkingSpotE2 */ = {
			isa = PBXNativeTarget;
			buildConfigurationList = 187394091BD56EEE00998B0D /* Build configuration list for PBXNativeTarget "DonatingParkingSpotE2" */;
			buildPhases = (
				187393DA1BD56EEE00998B0D /* Sources */,
				187393DB1BD56EEE00998B0D /* Frameworks */,
				187393DC1BD56EEE00998B0D /* Resources */,
			);
			buildRules = (
			);
			dependencies = (
			);
			name = DonatingParkingSpotE2;
			productName = DonatingParkingSpotE2;
			productReference = 187393DE1BD56EEE00998B0D /* DonatingParkingSpotE2.app */;
			productType = "com.apple.product-type.application";
		};
		187393F41BD56EEE00998B0D /* DonatingParkingSpotE2Tests */ = {
			isa = PBXNativeTarget;
			buildConfigurationList = 1873940C1BD56EEE00998B0D /* Build configuration list for PBXNativeTarget "DonatingParkingSpotE2Tests" */;
			buildPhases = (
				187393F11BD56EEE00998B0D /* Sources */,
				187393F21BD56EEE00998B0D /* Frameworks */,
				187393F31BD56EEE00998B0D /* Resources */,
			);
			buildRules = (
			);
			dependencies = (
				187393F71BD56EEE00998B0D /* PBXTargetDependency */,
			);
			name = DonatingParkingSpotE2Tests;
			productName = DonatingParkingSpotE2Tests;
			productReference = 187393F51BD56EEE00998B0D /* DonatingParkingSpotE2Tests.xctest */;
			productType = "com.apple.product-type.bundle.unit-test";
		};
		187393FF1BD56EEE00998B0D /* DonatingParkingSpotE2UITests */ = {
			isa = PBXNativeTarget;
			buildConfigurationList = 1873940F1BD56EEE00998B0D /* Build configuration list for PBXNativeTarget "DonatingParkingSpotE2UITests" */;
			buildPhases = (
				187393FC1BD56EEE00998B0D /* Sources */,
				187393FD1BD56EEE00998B0D /* Frameworks */,
				187393FE1BD56EEE00998B0D /* Resources */,
			);
			buildRules = (
			);
			dependencies = (
				187394021BD56EEE00998B0D /* PBXTargetDependency */,
			);
			name = DonatingParkingSpotE2UITests;
			productName = DonatingParkingSpotE2UITests;
			productReference = 187394001BD56EEE00998B0D /* DonatingParkingSpotE2UITests.xctest */;
			productType = "com.apple.product-type.bundle.ui-testing";
		};
/* End PBXNativeTarget section */

/* Begin PBXProject section */
		187393D61BD56EEE00998B0D /* Project object */ = {
			isa = PBXProject;
			attributes = {
				LastUpgradeCheck = 0700;
				ORGANIZATIONNAME = Apple;
				TargetAttributes = {
					187393DD1BD56EEE00998B0D = {
						CreatedOnToolsVersion = 7.0.1;
					};
					187393F41BD56EEE00998B0D = {
						CreatedOnToolsVersion = 7.0.1;
						TestTargetID = 187393DD1BD56EEE00998B0D;
					};
					187393FF1BD56EEE00998B0D = {
						CreatedOnToolsVersion = 7.0.1;
						TestTargetID = 187393DD1BD56EEE00998B0D;
					};
				};
			};
			buildConfigurationList = 187393D91BD56EEE00998B0D /* Build configuration list for PBXProject "DonatingParkingSpotE2" */;
			compatibilityVersion = "Xcode 3.2";
			developmentRegion = English;
			hasScannedForEncodings = 0;
			knownRegions = (
				en,
				Base,
			);
			mainGroup = 187393D51BD56EEE00998B0D;
			productRefGroup = 187393DF1BD56EEE00998B0D /* Products */;
			projectDirPath = "";
			projectRoot = "";
			targets = (
				187393DD1BD56EEE00998B0D /* DonatingParkingSpotE2 */,
				187393F41BD56EEE00998B0D /* DonatingParkingSpotE2Tests */,
				187393FF1BD56EEE00998B0D /* DonatingParkingSpotE2UITests */,
			);
		};
/* End PBXProject section */

/* Begin PBXResourcesBuildPhase section */
		187393DC1BD56EEE00998B0D /* Resources */ = {
			isa = PBXResourcesBuildPhase;
			buildActionMask = 2147483647;
			files = (
				187393EF1BD56EEE00998B0D /* LaunchScreen.storyboard in Resources */,
				187393EC1BD56EEE00998B0D /* Assets.xcassets in Resources */,
				187393E71BD56EEE00998B0D /* Main.storyboard in Resources */,
			);
			runOnlyForDeploymentPostprocessing = 0;
		};
		187393F31BD56EEE00998B0D /* Resources */ = {
			isa = PBXResourcesBuildPhase;
			buildActionMask = 2147483647;
			files = (
			);
			runOnlyForDeploymentPostprocessing = 0;
		};
		187393FE1BD56EEE00998B0D /* Resources */ = {
			isa = PBXResourcesBuildPhase;
			buildActionMask = 2147483647;
			files = (
			);
			runOnlyForDeploymentPostprocessing = 0;
		};
/* End PBXResourcesBuildPhase section */

/* Begin PBXSourcesBuildPhase section */
		187393DA1BD56EEE00998B0D /* Sources */ = {
			isa = PBXSourcesBuildPhase;
			buildActionMask = 2147483647;
			files = (
				187393E41BD56EEE00998B0D /* ViewController.swift in Sources */,
				187393E21BD56EEE00998B0D /* AppDelegate.swift in Sources */,
				187393EA1BD56EEE00998B0D /* DonatingParkingSpotE2.xcdatamodeld in Sources */,
			);
			runOnlyForDeploymentPostprocessing = 0;
		};
		187393F11BD56EEE00998B0D /* Sources */ = {
			isa = PBXSourcesBuildPhase;
			buildActionMask = 2147483647;
			files = (
				187393FA1BD56EEE00998B0D /* DonatingParkingSpotE2Tests.swift in Sources */,
			);
			runOnlyForDeploymentPostprocessing = 0;
		};
		187393FC1BD56EEE00998B0D /* Sources */ = {
			isa = PBXSourcesBuildPhase;
			buildActionMask = 2147483647;
			files = (
				187394051BD56EEE00998B0D /* DonatingParkingSpotE2UITests.swift in Sources */,
			);
			runOnlyForDeploymentPostprocessing = 0;
		};
/* End PBXSourcesBuildPhase section */

/* Begin PBXTargetDependency section */
		187393F71BD56EEE00998B0D /* PBXTargetDependency */ = {
			isa = PBXTargetDependency;
			target = 187393DD1BD56EEE00998B0D /* DonatingParkingSpotE2 */;
			targetProxy = 187393F61BD56EEE00998B0D /* PBXContainerItemProxy */;
		};
		187394021BD56EEE00998B0D /* PBXTargetDependency */ = {
			isa = PBXTargetDependency;
			target = 187393DD1BD56EEE00998B0D /* DonatingParkingSpotE2 */;
			targetProxy = 187394011BD56EEE00998B0D /* PBXContainerItemProxy */;
		};
/* End PBXTargetDependency section */

/* Begin PBXVariantGroup section */
		187393E51BD56EEE00998B0D /* Main.storyboard */ = {
			isa = PBXVariantGroup;
			children = (
				187393E61BD56EEE00998B0D /* Base */,
			);
			name = Main.storyboard;
			sourceTree = "<group>";
		};
		187393ED1BD56EEE00998B0D /* LaunchScreen.storyboard */ = {
			isa = PBXVariantGroup;
			children = (
				187393EE1BD56EEE00998B0D /* Base */,
			);
			name = LaunchScreen.storyboard;
			sourceTree = "<group>";
		};
/* End PBXVariantGroup section */

/* Begin XCBuildConfiguration section */
		187394071BD56EEE00998B0D /* Debug */ = {
			isa = XCBuildConfiguration;
			buildSettings = {
				ALWAYS_SEARCH_USER_PATHS = NO;
				CLANG_CXX_LANGUAGE_STANDARD = "gnu++0x";
				CLANG_CXX_LIBRARY = "libc++";
				CLANG_ENABLE_MODULES = YES;
				CLANG_ENABLE_OBJC_ARC = YES;
				CLANG_WARN_BOOL_CONVERSION = YES;
				CLANG_WARN_CONSTANT_CONVERSION = YES;
				CLANG_WARN_DIRECT_OBJC_ISA_USAGE = YES_ERROR;
				CLANG_WARN_EMPTY_BODY = YES;
				CLANG_WARN_ENUM_CONVERSION = YES;
				CLANG_WARN_INT_CONVERSION = YES;
				CLANG_WARN_OBJC_ROOT_CLASS = YES_ERROR;
				CLANG_WARN_UNREACHABLE_CODE = YES;
				CLANG_WARN__DUPLICATE_METHOD_MATCH = YES;
				"CODE_SIGN_IDENTITY[sdk=iphoneos*]" = "iPhone Developer";
				COPY_PHASE_STRIP = NO;
				DEBUG_INFORMATION_FORMAT = dwarf;
				ENABLE_STRICT_OBJC_MSGSEND = YES;
				ENABLE_TESTABILITY = YES;
				GCC_C_LANGUAGE_STANDARD = gnu99;
				GCC_DYNAMIC_NO_PIC = NO;
				GCC_NO_COMMON_BLOCKS = YES;
				GCC_OPTIMIZATION_LEVEL = 0;
				GCC_PREPROCESSOR_DEFINITIONS = (
					"DEBUG=1",
					"$(inherited)",
				);
				GCC_WARN_64_TO_32_BIT_CONVERSION = YES;
				GCC_WARN_ABOUT_RETURN_TYPE = YES_ERROR;
				GCC_WARN_UNDECLARED_SELECTOR = YES;
				GCC_WARN_UNINITIALIZED_AUTOS = YES_AGGRESSIVE;
				GCC_WARN_UNUSED_FUNCTION = YES;
				GCC_WARN_UNUSED_VARIABLE = YES;
				IPHONEOS_DEPLOYMENT_TARGET = 9.0;
				MTL_ENABLE_DEBUG_INFO = YES;
				ONLY_ACTIVE_ARCH = YES;
				SDKROOT = iphoneos;
				SWIFT_OPTIMIZATION_LEVEL = "-Onone";
				TARGETED_DEVICE_FAMILY = "1,2";
			};
			name = Debug;
		};
		187394081BD56EEE00998B0D /* Release */ = {
			isa = XCBuildConfiguration;
			buildSettings = {
				ALWAYS_SEARCH_USER_PATHS = NO;
				CLANG_CXX_LANGUAGE_STANDARD = "gnu++0x";
				CLANG_CXX_LIBRARY = "libc++";
				CLANG_ENABLE_MODULES = YES;
				CLANG_ENABLE_OBJC_ARC = YES;
				CLANG_WARN_BOOL_CONVERSION = YES;
				CLANG_WARN_CONSTANT_CONVERSION = YES;
				CLANG_WARN_DIRECT_OBJC_ISA_USAGE = YES_ERROR;
				CLANG_WARN_EMPTY_BODY = YES;
				CLANG_WARN_ENUM_CONVERSION = YES;
				CLANG_WARN_INT_CONVERSION = YES;
				CLANG_WARN_OBJC_ROOT_CLASS = YES_ERROR;
				CLANG_WARN_UNREACHABLE_CODE = YES;
				CLANG_WARN__DUPLICATE_METHOD_MATCH = YES;
				"CODE_SIGN_IDENTITY[sdk=iphoneos*]" = "iPhone Developer";
				COPY_PHASE_STRIP = NO;
				DEBUG_INFORMATION_FORMAT = "dwarf-with-dsym";
				ENABLE_NS_ASSERTIONS = NO;
				ENABLE_STRICT_OBJC_MSGSEND = YES;
				GCC_C_LANGUAGE_STANDARD = gnu99;
				GCC_NO_COMMON_BLOCKS = YES;
				GCC_WARN_64_TO_32_BIT_CONVERSION = YES;
				GCC_WARN_ABOUT_RETURN_TYPE = YES_ERROR;
				GCC_WARN_UNDECLARED_SELECTOR = YES;
				GCC_WARN_UNINITIALIZED_AUTOS = YES_AGGRESSIVE;
				GCC_WARN_UNUSED_FUNCTION = YES;
				GCC_WARN_UNUSED_VARIABLE = YES;
				IPHONEOS_DEPLOYMENT_TARGET = 9.0;
				MTL_ENABLE_DEBUG_INFO = NO;
				SDKROOT = iphoneos;
				TARGETED_DEVICE_FAMILY = "1,2";
				VALIDATE_PRODUCT = YES;
			};
			name = Release;
		};
		1873940A1BD56EEE00998B0D /* Debug */ = {
			isa = XCBuildConfiguration;
			buildSettings = {
				ASSETCATALOG_COMPILER_APPICON_NAME = AppIcon;
				INFOPLIST_FILE = DonatingParkingSpotE2/Info.plist;
				LD_RUNPATH_SEARCH_PATHS = "$(inherited) @executable_path/Frameworks";
				PRODUCT_BUNDLE_IDENTIFIER = com.depaul.Emma.DonatingParkingSpotE2;
				PRODUCT_NAME = "$(TARGET_NAME)";
			};
			name = Debug;
		};
		1873940B1BD56EEE00998B0D /* Release */ = {
			isa = XCBuildConfiguration;
			buildSettings = {
				ASSETCATALOG_COMPILER_APPICON_NAME = AppIcon;
				INFOPLIST_FILE = DonatingParkingSpotE2/Info.plist;
				LD_RUNPATH_SEARCH_PATHS = "$(inherited) @executable_path/Frameworks";
				PRODUCT_BUNDLE_IDENTIFIER = com.depaul.Emma.DonatingParkingSpotE2;
				PRODUCT_NAME = "$(TARGET_NAME)";
			};
			name = Release;
		};
		1873940D1BD56EEE00998B0D /* Debug */ = {
			isa = XCBuildConfiguration;
			buildSettings = {
				BUNDLE_LOADER = "$(TEST_HOST)";
				INFOPLIST_FILE = DonatingParkingSpotE2Tests/Info.plist;
				LD_RUNPATH_SEARCH_PATHS = "$(inherited) @executable_path/Frameworks @loader_path/Frameworks";
				PRODUCT_BUNDLE_IDENTIFIER = com.depaul.Emma.DonatingParkingSpotE2Tests;
				PRODUCT_NAME = "$(TARGET_NAME)";
				TEST_HOST = "$(BUILT_PRODUCTS_DIR)/DonatingParkingSpotE2.app/DonatingParkingSpotE2";
			};
			name = Debug;
		};
		1873940E1BD56EEE00998B0D /* Release */ = {
			isa = XCBuildConfiguration;
			buildSettings = {
				BUNDLE_LOADER = "$(TEST_HOST)";
				INFOPLIST_FILE = DonatingParkingSpotE2Tests/Info.plist;
				LD_RUNPATH_SEARCH_PATHS = "$(inherited) @executable_path/Frameworks @loader_path/Frameworks";
				PRODUCT_BUNDLE_IDENTIFIER = com.depaul.Emma.DonatingParkingSpotE2Tests;
				PRODUCT_NAME = "$(TARGET_NAME)";
				TEST_HOST = "$(BUILT_PRODUCTS_DIR)/DonatingParkingSpotE2.app/DonatingParkingSpotE2";
			};
			name = Release;
		};
		187394101BD56EEE00998B0D /* Debug */ = {
			isa = XCBuildConfiguration;
			buildSettings = {
				INFOPLIST_FILE = DonatingParkingSpotE2UITests/Info.plist;
				LD_RUNPATH_SEARCH_PATHS = "$(inherited) @executable_path/Frameworks @loader_path/Frameworks";
				PRODUCT_BUNDLE_IDENTIFIER = com.depaul.Emma.DonatingParkingSpotE2UITests;
				PRODUCT_NAME = "$(TARGET_NAME)";
				TEST_TARGET_NAME = DonatingParkingSpotE2;
				USES_XCTRUNNER = YES;
			};
			name = Debug;
		};
		187394111BD56EEE00998B0D /* Release */ = {
			isa = XCBuildConfiguration;
			buildSettings = {
				INFOPLIST_FILE = DonatingParkingSpotE2UITests/Info.plist;
				LD_RUNPATH_SEARCH_PATHS = "$(inherited) @executable_path/Frameworks @loader_path/Frameworks";
				PRODUCT_BUNDLE_IDENTIFIER = com.depaul.Emma.DonatingParkingSpotE2UITests;
				PRODUCT_NAME = "$(TARGET_NAME)";
				TEST_TARGET_NAME = DonatingParkingSpotE2;
				USES_XCTRUNNER = YES;
			};
			name = Release;
		};
/* End XCBuildConfiguration section */

/* Begin XCConfigurationList section */
		187393D91BD56EEE00998B0D /* Build configuration list for PBXProject "DonatingParkingSpotE2" */ = {
			isa = XCConfigurationList;
			buildConfigurations = (
				187394071BD56EEE00998B0D /* Debug */,
				187394081BD56EEE00998B0D /* Release */,
			);
			defaultConfigurationIsVisible = 0;
			defaultConfigurationName = Release;
		};
		187394091BD56EEE00998B0D /* Build configuration list for PBXNativeTarget "DonatingParkingSpotE2" */ = {
			isa = XCConfigurationList;
			buildConfigurations = (
				1873940A1BD56EEE00998B0D /* Debug */,
				1873940B1BD56EEE00998B0D /* Release */,
			);
			defaultConfigurationIsVisible = 0;
		};
		1873940C1BD56EEE00998B0D /* Build configuration list for PBXNativeTarget "DonatingParkingSpotE2Tests" */ = {
			isa = XCConfigurationList;
			buildConfigurations = (
				1873940D1BD56EEE00998B0D /* Debug */,
				1873940E1BD56EEE00998B0D /* Release */,
			);
			defaultConfigurationIsVisible = 0;
		};
		1873940F1BD56EEE00998B0D /* Build configuration list for PBXNativeTarget "DonatingParkingSpotE2UITests" */ = {
			isa = XCConfigurationList;
			buildConfigurations = (
				187394101BD56EEE00998B0D /* Debug */,
				187394111BD56EEE00998B0D /* Release */,
			);
			defaultConfigurationIsVisible = 0;
		};
/* End XCConfigurationList section */

/* Begin XCVersionGroup section */
		187393E81BD56EEE00998B0D /* DonatingParkingSpotE2.xcdatamodeld */ = {
			isa = XCVersionGroup;
			children = (
				187393E91BD56EEE00998B0D /* DonatingParkingSpotE2.xcdatamodel */,
			);
			currentVersion = 187393E91BD56EEE00998B0D /* DonatingParkingSpotE2.xcdatamodel */;
			path = DonatingParkingSpotE2.xcdatamodeld;
			sourceTree = "<group>";
			versionGroupType = wrapper.xcdatamodel;
		};
/* End XCVersionGroup section */
	};
	rootObject = 187393D61BD56EEE00998B0D /* Project object */;
}
