// !$*UTF8*$!
{
	archiveVersion = 1;
	classes = {
	};
	objectVersion = 46;
	objects = {

/* Begin PBXBuildFile section */
		1873941F1BD5733700998B0D /* AppDelegate.swift in Sources */ = {isa = PBXBuildFile; fileRef = 1873941E1BD5733700998B0D /* AppDelegate.swift */; };
		187394211BD5733700998B0D /* ViewController.swift in Sources */ = {isa = PBXBuildFile; fileRef = 187394201BD5733700998B0D /* ViewController.swift */; };
		187394241BD5733700998B0D /* Main.storyboard in Resources */ = {isa = PBXBuildFile; fileRef = 187394221BD5733700998B0D /* Main.storyboard */; };
		187394271BD5733700998B0D /* DonatingParkingSpotE.xcdatamodeld in Sources */ = {isa = PBXBuildFile; fileRef = 187394251BD5733700998B0D /* DonatingParkingSpotE.xcdatamodeld */; };
		187394291BD5733700998B0D /* Assets.xcassets in Resources */ = {isa = PBXBuildFile; fileRef = 187394281BD5733700998B0D /* Assets.xcassets */; };
		1873942C1BD5733700998B0D /* LaunchScreen.storyboard in Resources */ = {isa = PBXBuildFile; fileRef = 1873942A1BD5733700998B0D /* LaunchScreen.storyboard */; };
		187394371BD5733700998B0D /* DonatingParkingSpotETests.swift in Sources */ = {isa = PBXBuildFile; fileRef = 187394361BD5733700998B0D /* DonatingParkingSpotETests.swift */; };
		187394421BD5733700998B0D /* DonatingParkingSpotEUITests.swift in Sources */ = {isa = PBXBuildFile; fileRef = 187394411BD5733700998B0D /* DonatingParkingSpotEUITests.swift */; };
		187394501BD578ED00998B0D /* RegisterPageViewController.swift in Sources */ = {isa = PBXBuildFile; fileRef = 1873944F1BD578ED00998B0D /* RegisterPageViewController.swift */; settings = {ASSET_TAGS = (); }; };
		187394521BD58EC200998B0D /* SpotDetailViewController.swift in Sources */ = {isa = PBXBuildFile; fileRef = 187394511BD58EC200998B0D /* SpotDetailViewController.swift */; settings = {ASSET_TAGS = (); }; };
		187394551BD59D8700998B0D /* MapViewController.swift in Sources */ = {isa = PBXBuildFile; fileRef = 187394541BD59D8700998B0D /* MapViewController.swift */; settings = {ASSET_TAGS = (); }; };
/* End PBXBuildFile section */

/* Begin PBXContainerItemProxy section */
		187394331BD5733700998B0D /* PBXContainerItemProxy */ = {
			isa = PBXContainerItemProxy;
			containerPortal = 187394131BD5733700998B0D /* Project object */;
			proxyType = 1;
			remoteGlobalIDString = 1873941A1BD5733700998B0D;
			remoteInfo = DonatingParkingSpotE;
		};
		1873943E1BD5733700998B0D /* PBXContainerItemProxy */ = {
			isa = PBXContainerItemProxy;
			containerPortal = 187394131BD5733700998B0D /* Project object */;
			proxyType = 1;
			remoteGlobalIDString = 1873941A1BD5733700998B0D;
			remoteInfo = DonatingParkingSpotE;
		};
/* End PBXContainerItemProxy section */

/* Begin PBXFileReference section */
		1873941B1BD5733700998B0D /* DonatingParkingSpotE.app */ = {isa = PBXFileReference; explicitFileType = wrapper.application; includeInIndex = 0; path = DonatingParkingSpotE.app; sourceTree = BUILT_PRODUCTS_DIR; };
		1873941E1BD5733700998B0D /* AppDelegate.swift */ = {isa = PBXFileReference; lastKnownFileType = sourcecode.swift; path = AppDelegate.swift; sourceTree = "<group>"; };
		187394201BD5733700998B0D /* ViewController.swift */ = {isa = PBXFileReference; lastKnownFileType = sourcecode.swift; path = ViewController.swift; sourceTree = "<group>"; };
		187394231BD5733700998B0D /* Base */ = {isa = PBXFileReference; lastKnownFileType = file.storyboard; name = Base; path = Base.lproj/Main.storyboard; sourceTree = "<group>"; };
		187394261BD5733700998B0D /* DonatingParkingSpotE.xcdatamodel */ = {isa = PBXFileReference; lastKnownFileType = wrapper.xcdatamodel; path = DonatingParkingSpotE.xcdatamodel; sourceTree = "<group>"; };
		187394281BD5733700998B0D /* Assets.xcassets */ = {isa = PBXFileReference; lastKnownFileType = folder.assetcatalog; path = Assets.xcassets; sourceTree = "<group>"; };
		1873942B1BD5733700998B0D /* Base */ = {isa = PBXFileReference; lastKnownFileType = file.storyboard; name = Base; path = Base.lproj/LaunchScreen.storyboard; sourceTree = "<group>"; };
		1873942D1BD5733700998B0D /* Info.plist */ = {isa = PBXFileReference; lastKnownFileType = text.plist.xml; path = Info.plist; sourceTree = "<group>"; };
		187394321BD5733700998B0D /* DonatingParkingSpotETests.xctest */ = {isa = PBXFileReference; explicitFileType = wrapper.cfbundle; includeInIndex = 0; path = DonatingParkingSpotETests.xctest; sourceTree = BUILT_PRODUCTS_DIR; };
		187394361BD5733700998B0D /* DonatingParkingSpotETests.swift */ = {isa = PBXFileReference; lastKnownFileType = sourcecode.swift; path = DonatingParkingSpotETests.swift; sourceTree = "<group>"; };
		187394381BD5733700998B0D /* Info.plist */ = {isa = PBXFileReference; lastKnownFileType = text.plist.xml; path = Info.plist; sourceTree = "<group>"; };
		1873943D1BD5733700998B0D /* DonatingParkingSpotEUITests.xctest */ = {isa = PBXFileReference; explicitFileType = wrapper.cfbundle; includeInIndex = 0; path = DonatingParkingSpotEUITests.xctest; sourceTree = BUILT_PRODUCTS_DIR; };
		187394411BD5733700998B0D /* DonatingParkingSpotEUITests.swift */ = {isa = PBXFileReference; lastKnownFileType = sourcecode.swift; path = DonatingParkingSpotEUITests.swift; sourceTree = "<group>"; };
		187394431BD5733700998B0D /* Info.plist */ = {isa = PBXFileReference; lastKnownFileType = text.plist.xml; path = Info.plist; sourceTree = "<group>"; };
		1873944F1BD578ED00998B0D /* RegisterPageViewController.swift */ = {isa = PBXFileReference; fileEncoding = 4; lastKnownFileType = sourcecode.swift; path = RegisterPageViewController.swift; sourceTree = "<group>"; };
		187394511BD58EC200998B0D /* SpotDetailViewController.swift */ = {isa = PBXFileReference; fileEncoding = 4; lastKnownFileType = sourcecode.swift; path = SpotDetailViewController.swift; sourceTree = "<group>"; };
		187394541BD59D8700998B0D /* MapViewController.swift */ = {isa = PBXFileReference; fileEncoding = 4; lastKnownFileType = sourcecode.swift; path = MapViewController.swift; sourceTree = "<group>"; };
/* End PBXFileReference section */

/* Begin PBXFrameworksBuildPhase section */
		187394181BD5733700998B0D /* Frameworks */ = {
			isa = PBXFrameworksBuildPhase;
			buildActionMask = 2147483647;
			files = (
			);
			runOnlyForDeploymentPostprocessing = 0;
		};
		1873942F1BD5733700998B0D /* Frameworks */ = {
			isa = PBXFrameworksBuildPhase;
			buildActionMask = 2147483647;
			files = (
			);
			runOnlyForDeploymentPostprocessing = 0;
		};
		1873943A1BD5733700998B0D /* Frameworks */ = {
			isa = PBXFrameworksBuildPhase;
			buildActionMask = 2147483647;
			files = (
			);
			runOnlyForDeploymentPostprocessing = 0;
		};
/* End PBXFrameworksBuildPhase section */

/* Begin PBXGroup section */
		187394121BD5733700998B0D = {
			isa = PBXGroup;
			children = (
				1873941D1BD5733700998B0D /* DonatingParkingSpotE */,
				187394351BD5733700998B0D /* DonatingParkingSpotETests */,
				187394401BD5733700998B0D /* DonatingParkingSpotEUITests */,
				1873941C1BD5733700998B0D /* Products */,
			);
			sourceTree = "<group>";
		};
		1873941C1BD5733700998B0D /* Products */ = {
			isa = PBXGroup;
			children = (
				1873941B1BD5733700998B0D /* DonatingParkingSpotE.app */,
				187394321BD5733700998B0D /* DonatingParkingSpotETests.xctest */,
				1873943D1BD5733700998B0D /* DonatingParkingSpotEUITests.xctest */,
			);
			name = Products;
			sourceTree = "<group>";
		};
		1873941D1BD5733700998B0D /* DonatingParkingSpotE */ = {
			isa = PBXGroup;
			children = (
				1873941E1BD5733700998B0D /* AppDelegate.swift */,
				187394201BD5733700998B0D /* ViewController.swift */,
				187394221BD5733700998B0D /* Main.storyboard */,
				187394281BD5733700998B0D /* Assets.xcassets */,
				1873942A1BD5733700998B0D /* LaunchScreen.storyboard */,
				1873942D1BD5733700998B0D /* Info.plist */,
				187394251BD5733700998B0D /* DonatingParkingSpotE.xcdatamodeld */,
				1873944F1BD578ED00998B0D /* RegisterPageViewController.swift */,
				187394511BD58EC200998B0D /* SpotDetailViewController.swift */,
				187394541BD59D8700998B0D /* MapViewController.swift */,
			);
			path = DonatingParkingSpotE;
			sourceTree = "<group>";
		};
		187394351BD5733700998B0D /* DonatingParkingSpotETests */ = {
			isa = PBXGroup;
			children = (
				187394361BD5733700998B0D /* DonatingParkingSpotETests.swift */,
				187394381BD5733700998B0D /* Info.plist */,
			);
			path = DonatingParkingSpotETests;
			sourceTree = "<group>";
		};
		187394401BD5733700998B0D /* DonatingParkingSpotEUITests */ = {
			isa = PBXGroup;
			children = (
				187394411BD5733700998B0D /* DonatingParkingSpotEUITests.swift */,
				187394431BD5733700998B0D /* Info.plist */,
			);
			path = DonatingParkingSpotEUITests;
			sourceTree = "<group>";
		};
/* End PBXGroup section */

/* Begin PBXNativeTarget section */
		1873941A1BD5733700998B0D /* DonatingParkingSpotE */ = {
			isa = PBXNativeTarget;
			buildConfigurationList = 187394461BD5733700998B0D /* Build configuration list for PBXNativeTarget "DonatingParkingSpotE" */;
			buildPhases = (
				187394171BD5733700998B0D /* Sources */,
				187394181BD5733700998B0D /* Frameworks */,
				187394191BD5733700998B0D /* Resources */,
			);
			buildRules = (
			);
			dependencies = (
			);
			name = DonatingParkingSpotE;
			productName = DonatingParkingSpotE;
			productReference = 1873941B1BD5733700998B0D /* DonatingParkingSpotE.app */;
			productType = "com.apple.product-type.application";
		};
		187394311BD5733700998B0D /* DonatingParkingSpotETests */ = {
			isa = PBXNativeTarget;
			buildConfigurationList = 187394491BD5733700998B0D /* Build configuration list for PBXNativeTarget "DonatingParkingSpotETests" */;
			buildPhases = (
				1873942E1BD5733700998B0D /* Sources */,
				1873942F1BD5733700998B0D /* Frameworks */,
				187394301BD5733700998B0D /* Resources */,
			);
			buildRules = (
			);
			dependencies = (
				187394341BD5733700998B0D /* PBXTargetDependency */,
			);
			name = DonatingParkingSpotETests;
			productName = DonatingParkingSpotETests;
			productReference = 187394321BD5733700998B0D /* DonatingParkingSpotETests.xctest */;
			productType = "com.apple.product-type.bundle.unit-test";
		};
		1873943C1BD5733700998B0D /* DonatingParkingSpotEUITests */ = {
			isa = PBXNativeTarget;
			buildConfigurationList = 1873944C1BD5733700998B0D /* Build configuration list for PBXNativeTarget "DonatingParkingSpotEUITests" */;
			buildPhases = (
				187394391BD5733700998B0D /* Sources */,
				1873943A1BD5733700998B0D /* Frameworks */,
				1873943B1BD5733700998B0D /* Resources */,
			);
			buildRules = (
			);
			dependencies = (
				1873943F1BD5733700998B0D /* PBXTargetDependency */,
			);
			name = DonatingParkingSpotEUITests;
			productName = DonatingParkingSpotEUITests;
			productReference = 1873943D1BD5733700998B0D /* DonatingParkingSpotEUITests.xctest */;
			productType = "com.apple.product-type.bundle.ui-testing";
		};
/* End PBXNativeTarget section */

/* Begin PBXProject section */
		187394131BD5733700998B0D /* Project object */ = {
			isa = PBXProject;
			attributes = {
				LastUpgradeCheck = 0700;
				ORGANIZATIONNAME = Apple;
				TargetAttributes = {
					1873941A1BD5733700998B0D = {
						CreatedOnToolsVersion = 7.0.1;
					};
					187394311BD5733700998B0D = {
						CreatedOnToolsVersion = 7.0.1;
						TestTargetID = 1873941A1BD5733700998B0D;
					};
					1873943C1BD5733700998B0D = {
						CreatedOnToolsVersion = 7.0.1;
						TestTargetID = 1873941A1BD5733700998B0D;
					};
				};
			};
			buildConfigurationList = 187394161BD5733700998B0D /* Build configuration list for PBXProject "DonatingParkingSpotE" */;
			compatibilityVersion = "Xcode 3.2";
			developmentRegion = English;
			hasScannedForEncodings = 0;
			knownRegions = (
				en,
				Base,
			);
			mainGroup = 187394121BD5733700998B0D;
			productRefGroup = 1873941C1BD5733700998B0D /* Products */;
			projectDirPath = "";
			projectRoot = "";
			targets = (
				1873941A1BD5733700998B0D /* DonatingParkingSpotE */,
				187394311BD5733700998B0D /* DonatingParkingSpotETests */,
				1873943C1BD5733700998B0D /* DonatingParkingSpotEUITests */,
			);
		};
/* End PBXProject section */

/* Begin PBXResourcesBuildPhase section */
		187394191BD5733700998B0D /* Resources */ = {
			isa = PBXResourcesBuildPhase;
			buildActionMask = 2147483647;
			files = (
				1873942C1BD5733700998B0D /* LaunchScreen.storyboard in Resources */,
				187394291BD5733700998B0D /* Assets.xcassets in Resources */,
				187394241BD5733700998B0D /* Main.storyboard in Resources */,
			);
			runOnlyForDeploymentPostprocessing = 0;
		};
		187394301BD5733700998B0D /* Resources */ = {
			isa = PBXResourcesBuildPhase;
			buildActionMask = 2147483647;
			files = (
			);
			runOnlyForDeploymentPostprocessing = 0;
		};
		1873943B1BD5733700998B0D /* Resources */ = {
			isa = PBXResourcesBuildPhase;
			buildActionMask = 2147483647;
			files = (
			);
			runOnlyForDeploymentPostprocessing = 0;
		};
/* End PBXResourcesBuildPhase section */

/* Begin PBXSourcesBuildPhase section */
		187394171BD5733700998B0D /* Sources */ = {
			isa = PBXSourcesBuildPhase;
			buildActionMask = 2147483647;
			files = (
				187394521BD58EC200998B0D /* SpotDetailViewController.swift in Sources */,
				187394551BD59D8700998B0D /* MapViewController.swift in Sources */,
				187394501BD578ED00998B0D /* RegisterPageViewController.swift in Sources */,
				187394271BD5733700998B0D /* DonatingParkingSpotE.xcdatamodeld in Sources */,
				187394211BD5733700998B0D /* ViewController.swift in Sources */,
				1873941F1BD5733700998B0D /* AppDelegate.swift in Sources */,
			);
			runOnlyForDeploymentPostprocessing = 0;
		};
		1873942E1BD5733700998B0D /* Sources */ = {
			isa = PBXSourcesBuildPhase;
			buildActionMask = 2147483647;
			files = (
				187394371BD5733700998B0D /* DonatingParkingSpotETests.swift in Sources */,
			);
			runOnlyForDeploymentPostprocessing = 0;
		};
		187394391BD5733700998B0D /* Sources */ = {
			isa = PBXSourcesBuildPhase;
			buildActionMask = 2147483647;
			files = (
				187394421BD5733700998B0D /* DonatingParkingSpotEUITests.swift in Sources */,
			);
			runOnlyForDeploymentPostprocessing = 0;
		};
/* End PBXSourcesBuildPhase section */

/* Begin PBXTargetDependency section */
		187394341BD5733700998B0D /* PBXTargetDependency */ = {
			isa = PBXTargetDependency;
			target = 1873941A1BD5733700998B0D /* DonatingParkingSpotE */;
			targetProxy = 187394331BD5733700998B0D /* PBXContainerItemProxy */;
		};
		1873943F1BD5733700998B0D /* PBXTargetDependency */ = {
			isa = PBXTargetDependency;
			target = 1873941A1BD5733700998B0D /* DonatingParkingSpotE */;
			targetProxy = 1873943E1BD5733700998B0D /* PBXContainerItemProxy */;
		};
/* End PBXTargetDependency section */

/* Begin PBXVariantGroup section */
		187394221BD5733700998B0D /* Main.storyboard */ = {
			isa = PBXVariantGroup;
			children = (
				187394231BD5733700998B0D /* Base */,
			);
			name = Main.storyboard;
			sourceTree = "<group>";
		};
		1873942A1BD5733700998B0D /* LaunchScreen.storyboard */ = {
			isa = PBXVariantGroup;
			children = (
				1873942B1BD5733700998B0D /* Base */,
			);
			name = LaunchScreen.storyboard;
			sourceTree = "<group>";
		};
/* End PBXVariantGroup section */

/* Begin XCBuildConfiguration section */
		187394441BD5733700998B0D /* Debug */ = {
			isa = XCBuildConfiguration;
			buildSettings = {
				ALWAYS_SEARCH_USER_PATHS = NO;
				CLANG_CXX_LANGUAGE_STANDARD = "gnu++0x";
				CLANG_CXX_LIBRARY = "libc++";
				CLANG_ENABLE_MODULES = YES;
				CLANG_ENABLE_OBJC_ARC = YES;
				CLANG_WARN_BOOL_CONVERSION = YES;
				CLANG_WARN_CONSTANT_CONVERSION = YES;
				CLANG_WARN_DIRECT_OBJC_ISA_USAGE = YES_ERROR;
				CLANG_WARN_EMPTY_BODY = YES;
				CLANG_WARN_ENUM_CONVERSION = YES;
				CLANG_WARN_INT_CONVERSION = YES;
				CLANG_WARN_OBJC_ROOT_CLASS = YES_ERROR;
				CLANG_WARN_UNREACHABLE_CODE = YES;
				CLANG_WARN__DUPLICATE_METHOD_MATCH = YES;
				"CODE_SIGN_IDENTITY[sdk=iphoneos*]" = "iPhone Developer";
				COPY_PHASE_STRIP = NO;
				DEBUG_INFORMATION_FORMAT = dwarf;
				ENABLE_STRICT_OBJC_MSGSEND = YES;
				ENABLE_TESTABILITY = YES;
				GCC_C_LANGUAGE_STANDARD = gnu99;
				GCC_DYNAMIC_NO_PIC = NO;
				GCC_NO_COMMON_BLOCKS = YES;
				GCC_OPTIMIZATION_LEVEL = 0;
				GCC_PREPROCESSOR_DEFINITIONS = (
					"DEBUG=1",
					"$(inherited)",
				);
				GCC_WARN_64_TO_32_BIT_CONVERSION = YES;
				GCC_WARN_ABOUT_RETURN_TYPE = YES_ERROR;
				GCC_WARN_UNDECLARED_SELECTOR = YES;
				GCC_WARN_UNINITIALIZED_AUTOS = YES_AGGRESSIVE;
				GCC_WARN_UNUSED_FUNCTION = YES;
				GCC_WARN_UNUSED_VARIABLE = YES;
				IPHONEOS_DEPLOYMENT_TARGET = 9.0;
				MTL_ENABLE_DEBUG_INFO = YES;
				ONLY_ACTIVE_ARCH = YES;
				SDKROOT = iphoneos;
				SWIFT_OPTIMIZATION_LEVEL = "-Onone";
				TARGETED_DEVICE_FAMILY = "1,2";
			};
			name = Debug;
		};
		187394451BD5733700998B0D /* Release */ = {
			isa = XCBuildConfiguration;
			buildSettings = {
				ALWAYS_SEARCH_USER_PATHS = NO;
				CLANG_CXX_LANGUAGE_STANDARD = "gnu++0x";
				CLANG_CXX_LIBRARY = "libc++";
				CLANG_ENABLE_MODULES = YES;
				CLANG_ENABLE_OBJC_ARC = YES;
				CLANG_WARN_BOOL_CONVERSION = YES;
				CLANG_WARN_CONSTANT_CONVERSION = YES;
				CLANG_WARN_DIRECT_OBJC_ISA_USAGE = YES_ERROR;
				CLANG_WARN_EMPTY_BODY = YES;
				CLANG_WARN_ENUM_CONVERSION = YES;
				CLANG_WARN_INT_CONVERSION = YES;
				CLANG_WARN_OBJC_ROOT_CLASS = YES_ERROR;
				CLANG_WARN_UNREACHABLE_CODE = YES;
				CLANG_WARN__DUPLICATE_METHOD_MATCH = YES;
				"CODE_SIGN_IDENTITY[sdk=iphoneos*]" = "iPhone Developer";
				COPY_PHASE_STRIP = NO;
				DEBUG_INFORMATION_FORMAT = "dwarf-with-dsym";
				ENABLE_NS_ASSERTIONS = NO;
				ENABLE_STRICT_OBJC_MSGSEND = YES;
				GCC_C_LANGUAGE_STANDARD = gnu99;
				GCC_NO_COMMON_BLOCKS = YES;
				GCC_WARN_64_TO_32_BIT_CONVERSION = YES;
				GCC_WARN_ABOUT_RETURN_TYPE = YES_ERROR;
				GCC_WARN_UNDECLARED_SELECTOR = YES;
				GCC_WARN_UNINITIALIZED_AUTOS = YES_AGGRESSIVE;
				GCC_WARN_UNUSED_FUNCTION = YES;
				GCC_WARN_UNUSED_VARIABLE = YES;
				IPHONEOS_DEPLOYMENT_TARGET = 9.0;
				MTL_ENABLE_DEBUG_INFO = NO;
				SDKROOT = iphoneos;
				TARGETED_DEVICE_FAMILY = "1,2";
				VALIDATE_PRODUCT = YES;
			};
			name = Release;
		};
		187394471BD5733700998B0D /* Debug */ = {
			isa = XCBuildConfiguration;
			buildSettings = {
				ASSETCATALOG_COMPILER_APPICON_NAME = AppIcon;
				INFOPLIST_FILE = DonatingParkingSpotE/Info.plist;
				LD_RUNPATH_SEARCH_PATHS = "$(inherited) @executable_path/Frameworks";
				PRODUCT_BUNDLE_IDENTIFIER = com.depaul.Emma.DonatingParkingSpotE;
				PRODUCT_NAME = "$(TARGET_NAME)";
			};
			name = Debug;
		};
		187394481BD5733700998B0D /* Release */ = {
			isa = XCBuildConfiguration;
			buildSettings = {
				ASSETCATALOG_COMPILER_APPICON_NAME = AppIcon;
				INFOPLIST_FILE = DonatingParkingSpotE/Info.plist;
				LD_RUNPATH_SEARCH_PATHS = "$(inherited) @executable_path/Frameworks";
				PRODUCT_BUNDLE_IDENTIFIER = com.depaul.Emma.DonatingParkingSpotE;
				PRODUCT_NAME = "$(TARGET_NAME)";
			};
			name = Release;
		};
		1873944A1BD5733700998B0D /* Debug */ = {
			isa = XCBuildConfiguration;
			buildSettings = {
				BUNDLE_LOADER = "$(TEST_HOST)";
				INFOPLIST_FILE = DonatingParkingSpotETests/Info.plist;
				LD_RUNPATH_SEARCH_PATHS = "$(inherited) @executable_path/Frameworks @loader_path/Frameworks";
				PRODUCT_BUNDLE_IDENTIFIER = com.depaul.Emma.DonatingParkingSpotETests;
				PRODUCT_NAME = "$(TARGET_NAME)";
				TEST_HOST = "$(BUILT_PRODUCTS_DIR)/DonatingParkingSpotE.app/DonatingParkingSpotE";
			};
			name = Debug;
		};
		1873944B1BD5733700998B0D /* Release */ = {
			isa = XCBuildConfiguration;
			buildSettings = {
				BUNDLE_LOADER = "$(TEST_HOST)";
				INFOPLIST_FILE = DonatingParkingSpotETests/Info.plist;
				LD_RUNPATH_SEARCH_PATHS = "$(inherited) @executable_path/Frameworks @loader_path/Frameworks";
				PRODUCT_BUNDLE_IDENTIFIER = com.depaul.Emma.DonatingParkingSpotETests;
				PRODUCT_NAME = "$(TARGET_NAME)";
				TEST_HOST = "$(BUILT_PRODUCTS_DIR)/DonatingParkingSpotE.app/DonatingParkingSpotE";
			};
			name = Release;
		};
		1873944D1BD5733700998B0D /* Debug */ = {
			isa = XCBuildConfiguration;
			buildSettings = {
				INFOPLIST_FILE = DonatingParkingSpotEUITests/Info.plist;
				LD_RUNPATH_SEARCH_PATHS = "$(inherited) @executable_path/Frameworks @loader_path/Frameworks";
				PRODUCT_BUNDLE_IDENTIFIER = com.depaul.Emma.DonatingParkingSpotEUITests;
				PRODUCT_NAME = "$(TARGET_NAME)";
				TEST_TARGET_NAME = DonatingParkingSpotE;
				USES_XCTRUNNER = YES;
			};
			name = Debug;
		};
		1873944E1BD5733700998B0D /* Release */ = {
			isa = XCBuildConfiguration;
			buildSettings = {
				INFOPLIST_FILE = DonatingParkingSpotEUITests/Info.plist;
				LD_RUNPATH_SEARCH_PATHS = "$(inherited) @executable_path/Frameworks @loader_path/Frameworks";
				PRODUCT_BUNDLE_IDENTIFIER = com.depaul.Emma.DonatingParkingSpotEUITests;
				PRODUCT_NAME = "$(TARGET_NAME)";
				TEST_TARGET_NAME = DonatingParkingSpotE;
				USES_XCTRUNNER = YES;
			};
			name = Release;
		};
/* End XCBuildConfiguration section */

/* Begin XCConfigurationList section */
		187394161BD5733700998B0D /* Build configuration list for PBXProject "DonatingParkingSpotE" */ = {
			isa = XCConfigurationList;
			buildConfigurations = (
				187394441BD5733700998B0D /* Debug */,
				187394451BD5733700998B0D /* Release */,
			);
			defaultConfigurationIsVisible = 0;
			defaultConfigurationName = Release;
		};
		187394461BD5733700998B0D /* Build configuration list for PBXNativeTarget "DonatingParkingSpotE" */ = {
			isa = XCConfigurationList;
			buildConfigurations = (
				187394471BD5733700998B0D /* Debug */,
				187394481BD5733700998B0D /* Release */,
			);
			defaultConfigurationIsVisible = 0;
			defaultConfigurationName = Release;
		};
		187394491BD5733700998B0D /* Build configuration list for PBXNativeTarget "DonatingParkingSpotETests" */ = {
			isa = XCConfigurationList;
			buildConfigurations = (
				1873944A1BD5733700998B0D /* Debug */,
				1873944B1BD5733700998B0D /* Release */,
			);
			defaultConfigurationIsVisible = 0;
			defaultConfigurationName = Release;
		};
		1873944C1BD5733700998B0D /* Build configuration list for PBXNativeTarget "DonatingParkingSpotEUITests" */ = {
			isa = XCConfigurationList;
			buildConfigurations = (
				1873944D1BD5733700998B0D /* Debug */,
				1873944E1BD5733700998B0D /* Release */,
			);
			defaultConfigurationIsVisible = 0;
			defaultConfigurationName = Release;
		};
/* End XCConfigurationList section */

/* Begin XCVersionGroup section */
		187394251BD5733700998B0D /* DonatingParkingSpotE.xcdatamodeld */ = {
			isa = XCVersionGroup;
			children = (
				187394261BD5733700998B0D /* DonatingParkingSpotE.xcdatamodel */,
			);
			currentVersion = 187394261BD5733700998B0D /* DonatingParkingSpotE.xcdatamodel */;
			path = DonatingParkingSpotE.xcdatamodeld;
			sourceTree = "<group>";
			versionGroupType = wrapper.xcdatamodel;
		};
/* End XCVersionGroup section */
	};
	rootObject = 187394131BD5733700998B0D /* Project object */;
}
