// !$*UTF8*$!
{
	archiveVersion = 1;
	classes = {
	};
	objectVersion = 46;
	objects = {

/* Begin PBXBuildFile section */
		187393681BD5573600998B0D /* AppDelegate.swift in Sources */ = {isa = PBXBuildFile; fileRef = 187393671BD5573600998B0D /* AppDelegate.swift */; };
		1873936A1BD5573600998B0D /* ViewController.swift in Sources */ = {isa = PBXBuildFile; fileRef = 187393691BD5573600998B0D /* ViewController.swift */; };
		1873936D1BD5573600998B0D /* Main.storyboard in Resources */ = {isa = PBXBuildFile; fileRef = 1873936B1BD5573600998B0D /* Main.storyboard */; };
		187393701BD5573600998B0D /* DonateParkingSpotEmma.xcdatamodeld in Sources */ = {isa = PBXBuildFile; fileRef = 1873936E1BD5573600998B0D /* DonateParkingSpotEmma.xcdatamodeld */; };
		187393721BD5573600998B0D /* Assets.xcassets in Resources */ = {isa = PBXBuildFile; fileRef = 187393711BD5573600998B0D /* Assets.xcassets */; };
		187393751BD5573600998B0D /* LaunchScreen.storyboard in Resources */ = {isa = PBXBuildFile; fileRef = 187393731BD5573600998B0D /* LaunchScreen.storyboard */; };
		187393801BD5573600998B0D /* DonateParkingSpotEmmaTests.swift in Sources */ = {isa = PBXBuildFile; fileRef = 1873937F1BD5573600998B0D /* DonateParkingSpotEmmaTests.swift */; };
		1873938B1BD5573600998B0D /* DonateParkingSpotEmmaUITests.swift in Sources */ = {isa = PBXBuildFile; fileRef = 1873938A1BD5573600998B0D /* DonateParkingSpotEmmaUITests.swift */; };
/* End PBXBuildFile section */

/* Begin PBXContainerItemProxy section */
		1873937C1BD5573600998B0D /* PBXContainerItemProxy */ = {
			isa = PBXContainerItemProxy;
			containerPortal = 1873935C1BD5573600998B0D /* Project object */;
			proxyType = 1;
			remoteGlobalIDString = 187393631BD5573600998B0D;
			remoteInfo = DonateParkingSpotEmma;
		};
		187393871BD5573600998B0D /* PBXContainerItemProxy */ = {
			isa = PBXContainerItemProxy;
			containerPortal = 1873935C1BD5573600998B0D /* Project object */;
			proxyType = 1;
			remoteGlobalIDString = 187393631BD5573600998B0D;
			remoteInfo = DonateParkingSpotEmma;
		};
/* End PBXContainerItemProxy section */

/* Begin PBXFileReference section */
		187393641BD5573600998B0D /* DonateParkingSpotEmma.app */ = {isa = PBXFileReference; explicitFileType = wrapper.application; includeInIndex = 0; path = DonateParkingSpotEmma.app; sourceTree = BUILT_PRODUCTS_DIR; };
		187393671BD5573600998B0D /* AppDelegate.swift */ = {isa = PBXFileReference; lastKnownFileType = sourcecode.swift; path = AppDelegate.swift; sourceTree = "<group>"; };
		187393691BD5573600998B0D /* ViewController.swift */ = {isa = PBXFileReference; lastKnownFileType = sourcecode.swift; path = ViewController.swift; sourceTree = "<group>"; };
		1873936C1BD5573600998B0D /* Base */ = {isa = PBXFileReference; lastKnownFileType = file.storyboard; name = Base; path = Base.lproj/Main.storyboard; sourceTree = "<group>"; };
		1873936F1BD5573600998B0D /* DonateParkingSpotEmma.xcdatamodel */ = {isa = PBXFileReference; lastKnownFileType = wrapper.xcdatamodel; path = DonateParkingSpotEmma.xcdatamodel; sourceTree = "<group>"; };
		187393711BD5573600998B0D /* Assets.xcassets */ = {isa = PBXFileReference; lastKnownFileType = folder.assetcatalog; path = Assets.xcassets; sourceTree = "<group>"; };
		187393741BD5573600998B0D /* Base */ = {isa = PBXFileReference; lastKnownFileType = file.storyboard; name = Base; path = Base.lproj/LaunchScreen.storyboard; sourceTree = "<group>"; };
		187393761BD5573600998B0D /* Info.plist */ = {isa = PBXFileReference; lastKnownFileType = text.plist.xml; path = Info.plist; sourceTree = "<group>"; };
		1873937B1BD5573600998B0D /* DonateParkingSpotEmmaTests.xctest */ = {isa = PBXFileReference; explicitFileType = wrapper.cfbundle; includeInIndex = 0; path = DonateParkingSpotEmmaTests.xctest; sourceTree = BUILT_PRODUCTS_DIR; };
		1873937F1BD5573600998B0D /* DonateParkingSpotEmmaTests.swift */ = {isa = PBXFileReference; lastKnownFileType = sourcecode.swift; path = DonateParkingSpotEmmaTests.swift; sourceTree = "<group>"; };
		187393811BD5573600998B0D /* Info.plist */ = {isa = PBXFileReference; lastKnownFileType = text.plist.xml; path = Info.plist; sourceTree = "<group>"; };
		187393861BD5573600998B0D /* DonateParkingSpotEmmaUITests.xctest */ = {isa = PBXFileReference; explicitFileType = wrapper.cfbundle; includeInIndex = 0; path = DonateParkingSpotEmmaUITests.xctest; sourceTree = BUILT_PRODUCTS_DIR; };
		1873938A1BD5573600998B0D /* DonateParkingSpotEmmaUITests.swift */ = {isa = PBXFileReference; lastKnownFileType = sourcecode.swift; path = DonateParkingSpotEmmaUITests.swift; sourceTree = "<group>"; };
		1873938C1BD5573600998B0D /* Info.plist */ = {isa = PBXFileReference; lastKnownFileType = text.plist.xml; path = Info.plist; sourceTree = "<group>"; };
/* End PBXFileReference section */

/* Begin PBXFrameworksBuildPhase section */
		187393611BD5573600998B0D /* Frameworks */ = {
			isa = PBXFrameworksBuildPhase;
			buildActionMask = 2147483647;
			files = (
			);
			runOnlyForDeploymentPostprocessing = 0;
		};
		187393781BD5573600998B0D /* Frameworks */ = {
			isa = PBXFrameworksBuildPhase;
			buildActionMask = 2147483647;
			files = (
			);
			runOnlyForDeploymentPostprocessing = 0;
		};
		187393831BD5573600998B0D /* Frameworks */ = {
			isa = PBXFrameworksBuildPhase;
			buildActionMask = 2147483647;
			files = (
			);
			runOnlyForDeploymentPostprocessing = 0;
		};
/* End PBXFrameworksBuildPhase section */

/* Begin PBXGroup section */
		1873935B1BD5573600998B0D = {
			isa = PBXGroup;
			children = (
				187393661BD5573600998B0D /* DonateParkingSpotEmma */,
				1873937E1BD5573600998B0D /* DonateParkingSpotEmmaTests */,
				187393891BD5573600998B0D /* DonateParkingSpotEmmaUITests */,
				187393651BD5573600998B0D /* Products */,
			);
			sourceTree = "<group>";
		};
		187393651BD5573600998B0D /* Products */ = {
			isa = PBXGroup;
			children = (
				187393641BD5573600998B0D /* DonateParkingSpotEmma.app */,
				1873937B1BD5573600998B0D /* DonateParkingSpotEmmaTests.xctest */,
				187393861BD5573600998B0D /* DonateParkingSpotEmmaUITests.xctest */,
			);
			name = Products;
			sourceTree = "<group>";
		};
		187393661BD5573600998B0D /* DonateParkingSpotEmma */ = {
			isa = PBXGroup;
			children = (
				187393671BD5573600998B0D /* AppDelegate.swift */,
				187393691BD5573600998B0D /* ViewController.swift */,
				1873936B1BD5573600998B0D /* Main.storyboard */,
				187393711BD5573600998B0D /* Assets.xcassets */,
				187393731BD5573600998B0D /* LaunchScreen.storyboard */,
				187393761BD5573600998B0D /* Info.plist */,
				1873936E1BD5573600998B0D /* DonateParkingSpotEmma.xcdatamodeld */,
			);
			path = DonateParkingSpotEmma;
			sourceTree = "<group>";
		};
		1873937E1BD5573600998B0D /* DonateParkingSpotEmmaTests */ = {
			isa = PBXGroup;
			children = (
				1873937F1BD5573600998B0D /* DonateParkingSpotEmmaTests.swift */,
				187393811BD5573600998B0D /* Info.plist */,
			);
			path = DonateParkingSpotEmmaTests;
			sourceTree = "<group>";
		};
		187393891BD5573600998B0D /* DonateParkingSpotEmmaUITests */ = {
			isa = PBXGroup;
			children = (
				1873938A1BD5573600998B0D /* DonateParkingSpotEmmaUITests.swift */,
				1873938C1BD5573600998B0D /* Info.plist */,
			);
			path = DonateParkingSpotEmmaUITests;
			sourceTree = "<group>";
		};
/* End PBXGroup section */

/* Begin PBXNativeTarget section */
		187393631BD5573600998B0D /* DonateParkingSpotEmma */ = {
			isa = PBXNativeTarget;
			buildConfigurationList = 1873938F1BD5573600998B0D /* Build configuration list for PBXNativeTarget "DonateParkingSpotEmma" */;
			buildPhases = (
				187393601BD5573600998B0D /* Sources */,
				187393611BD5573600998B0D /* Frameworks */,
				187393621BD5573600998B0D /* Resources */,
			);
			buildRules = (
			);
			dependencies = (
			);
			name = DonateParkingSpotEmma;
			productName = DonateParkingSpotEmma;
			productReference = 187393641BD5573600998B0D /* DonateParkingSpotEmma.app */;
			productType = "com.apple.product-type.application";
		};
		1873937A1BD5573600998B0D /* DonateParkingSpotEmmaTests */ = {
			isa = PBXNativeTarget;
			buildConfigurationList = 187393921BD5573600998B0D /* Build configuration list for PBXNativeTarget "DonateParkingSpotEmmaTests" */;
			buildPhases = (
				187393771BD5573600998B0D /* Sources */,
				187393781BD5573600998B0D /* Frameworks */,
				187393791BD5573600998B0D /* Resources */,
			);
			buildRules = (
			);
			dependencies = (
				1873937D1BD5573600998B0D /* PBXTargetDependency */,
			);
			name = DonateParkingSpotEmmaTests;
			productName = DonateParkingSpotEmmaTests;
			productReference = 1873937B1BD5573600998B0D /* DonateParkingSpotEmmaTests.xctest */;
			productType = "com.apple.product-type.bundle.unit-test";
		};
		187393851BD5573600998B0D /* DonateParkingSpotEmmaUITests */ = {
			isa = PBXNativeTarget;
			buildConfigurationList = 187393951BD5573600998B0D /* Build configuration list for PBXNativeTarget "DonateParkingSpotEmmaUITests" */;
			buildPhases = (
				187393821BD5573600998B0D /* Sources */,
				187393831BD5573600998B0D /* Frameworks */,
				187393841BD5573600998B0D /* Resources */,
			);
			buildRules = (
			);
			dependencies = (
				187393881BD5573600998B0D /* PBXTargetDependency */,
			);
			name = DonateParkingSpotEmmaUITests;
			productName = DonateParkingSpotEmmaUITests;
			productReference = 187393861BD5573600998B0D /* DonateParkingSpotEmmaUITests.xctest */;
			productType = "com.apple.product-type.bundle.ui-testing";
		};
/* End PBXNativeTarget section */

/* Begin PBXProject section */
		1873935C1BD5573600998B0D /* Project object */ = {
			isa = PBXProject;
			attributes = {
				LastUpgradeCheck = 0700;
				ORGANIZATIONNAME = Apple;
				TargetAttributes = {
					187393631BD5573600998B0D = {
						CreatedOnToolsVersion = 7.0.1;
					};
					1873937A1BD5573600998B0D = {
						CreatedOnToolsVersion = 7.0.1;
						TestTargetID = 187393631BD5573600998B0D;
					};
					187393851BD5573600998B0D = {
						CreatedOnToolsVersion = 7.0.1;
						TestTargetID = 187393631BD5573600998B0D;
					};
				};
			};
			buildConfigurationList = 1873935F1BD5573600998B0D /* Build configuration list for PBXProject "DonateParkingSpotEmma" */;
			compatibilityVersion = "Xcode 3.2";
			developmentRegion = English;
			hasScannedForEncodings = 0;
			knownRegions = (
				en,
				Base,
			);
			mainGroup = 1873935B1BD5573600998B0D;
			productRefGroup = 187393651BD5573600998B0D /* Products */;
			projectDirPath = "";
			projectRoot = "";
			targets = (
				187393631BD5573600998B0D /* DonateParkingSpotEmma */,
				1873937A1BD5573600998B0D /* DonateParkingSpotEmmaTests */,
				187393851BD5573600998B0D /* DonateParkingSpotEmmaUITests */,
			);
		};
/* End PBXProject section */

/* Begin PBXResourcesBuildPhase section */
		187393621BD5573600998B0D /* Resources */ = {
			isa = PBXResourcesBuildPhase;
			buildActionMask = 2147483647;
			files = (
				187393751BD5573600998B0D /* LaunchScreen.storyboard in Resources */,
				187393721BD5573600998B0D /* Assets.xcassets in Resources */,
				1873936D1BD5573600998B0D /* Main.storyboard in Resources */,
			);
			runOnlyForDeploymentPostprocessing = 0;
		};
		187393791BD5573600998B0D /* Resources */ = {
			isa = PBXResourcesBuildPhase;
			buildActionMask = 2147483647;
			files = (
			);
			runOnlyForDeploymentPostprocessing = 0;
		};
		187393841BD5573600998B0D /* Resources */ = {
			isa = PBXResourcesBuildPhase;
			buildActionMask = 2147483647;
			files = (
			);
			runOnlyForDeploymentPostprocessing = 0;
		};
/* End PBXResourcesBuildPhase section */

/* Begin PBXSourcesBuildPhase section */
		187393601BD5573600998B0D /* Sources */ = {
			isa = PBXSourcesBuildPhase;
			buildActionMask = 2147483647;
			files = (
				187393701BD5573600998B0D /* DonateParkingSpotEmma.xcdatamodeld in Sources */,
				1873936A1BD5573600998B0D /* ViewController.swift in Sources */,
				187393681BD5573600998B0D /* AppDelegate.swift in Sources */,
			);
			runOnlyForDeploymentPostprocessing = 0;
		};
		187393771BD5573600998B0D /* Sources */ = {
			isa = PBXSourcesBuildPhase;
			buildActionMask = 2147483647;
			files = (
				187393801BD5573600998B0D /* DonateParkingSpotEmmaTests.swift in Sources */,
			);
			runOnlyForDeploymentPostprocessing = 0;
		};
		187393821BD5573600998B0D /* Sources */ = {
			isa = PBXSourcesBuildPhase;
			buildActionMask = 2147483647;
			files = (
				1873938B1BD5573600998B0D /* DonateParkingSpotEmmaUITests.swift in Sources */,
			);
			runOnlyForDeploymentPostprocessing = 0;
		};
/* End PBXSourcesBuildPhase section */

/* Begin PBXTargetDependency section */
		1873937D1BD5573600998B0D /* PBXTargetDependency */ = {
			isa = PBXTargetDependency;
			target = 187393631BD5573600998B0D /* DonateParkingSpotEmma */;
			targetProxy = 1873937C1BD5573600998B0D /* PBXContainerItemProxy */;
		};
		187393881BD5573600998B0D /* PBXTargetDependency */ = {
			isa = PBXTargetDependency;
			target = 187393631BD5573600998B0D /* DonateParkingSpotEmma */;
			targetProxy = 187393871BD5573600998B0D /* PBXContainerItemProxy */;
		};
/* End PBXTargetDependency section */

/* Begin PBXVariantGroup section */
		1873936B1BD5573600998B0D /* Main.storyboard */ = {
			isa = PBXVariantGroup;
			children = (
				1873936C1BD5573600998B0D /* Base */,
			);
			name = Main.storyboard;
			sourceTree = "<group>";
		};
		187393731BD5573600998B0D /* LaunchScreen.storyboard */ = {
			isa = PBXVariantGroup;
			children = (
				187393741BD5573600998B0D /* Base */,
			);
			name = LaunchScreen.storyboard;
			sourceTree = "<group>";
		};
/* End PBXVariantGroup section */

/* Begin XCBuildConfiguration section */
		1873938D1BD5573600998B0D /* Debug */ = {
			isa = XCBuildConfiguration;
			buildSettings = {
				ALWAYS_SEARCH_USER_PATHS = NO;
				CLANG_CXX_LANGUAGE_STANDARD = "gnu++0x";
				CLANG_CXX_LIBRARY = "libc++";
				CLANG_ENABLE_MODULES = YES;
				CLANG_ENABLE_OBJC_ARC = YES;
				CLANG_WARN_BOOL_CONVERSION = YES;
				CLANG_WARN_CONSTANT_CONVERSION = YES;
				CLANG_WARN_DIRECT_OBJC_ISA_USAGE = YES_ERROR;
				CLANG_WARN_EMPTY_BODY = YES;
				CLANG_WARN_ENUM_CONVERSION = YES;
				CLANG_WARN_INT_CONVERSION = YES;
				CLANG_WARN_OBJC_ROOT_CLASS = YES_ERROR;
				CLANG_WARN_UNREACHABLE_CODE = YES;
				CLANG_WARN__DUPLICATE_METHOD_MATCH = YES;
				"CODE_SIGN_IDENTITY[sdk=iphoneos*]" = "iPhone Developer";
				COPY_PHASE_STRIP = NO;
				DEBUG_INFORMATION_FORMAT = dwarf;
				ENABLE_STRICT_OBJC_MSGSEND = YES;
				ENABLE_TESTABILITY = YES;
				GCC_C_LANGUAGE_STANDARD = gnu99;
				GCC_DYNAMIC_NO_PIC = NO;
				GCC_NO_COMMON_BLOCKS = YES;
				GCC_OPTIMIZATION_LEVEL = 0;
				GCC_PREPROCESSOR_DEFINITIONS = (
					"DEBUG=1",
					"$(inherited)",
				);
				GCC_WARN_64_TO_32_BIT_CONVERSION = YES;
				GCC_WARN_ABOUT_RETURN_TYPE = YES_ERROR;
				GCC_WARN_UNDECLARED_SELECTOR = YES;
				GCC_WARN_UNINITIALIZED_AUTOS = YES_AGGRESSIVE;
				GCC_WARN_UNUSED_FUNCTION = YES;
				GCC_WARN_UNUSED_VARIABLE = YES;
				IPHONEOS_DEPLOYMENT_TARGET = 9.0;
				MTL_ENABLE_DEBUG_INFO = YES;
				ONLY_ACTIVE_ARCH = YES;
				SDKROOT = iphoneos;
				SWIFT_OPTIMIZATION_LEVEL = "-Onone";
				TARGETED_DEVICE_FAMILY = "1,2";
			};
			name = Debug;
		};
		1873938E1BD5573600998B0D /* Release */ = {
			isa = XCBuildConfiguration;
			buildSettings = {
				ALWAYS_SEARCH_USER_PATHS = NO;
				CLANG_CXX_LANGUAGE_STANDARD = "gnu++0x";
				CLANG_CXX_LIBRARY = "libc++";
				CLANG_ENABLE_MODULES = YES;
				CLANG_ENABLE_OBJC_ARC = YES;
				CLANG_WARN_BOOL_CONVERSION = YES;
				CLANG_WARN_CONSTANT_CONVERSION = YES;
				CLANG_WARN_DIRECT_OBJC_ISA_USAGE = YES_ERROR;
				CLANG_WARN_EMPTY_BODY = YES;
				CLANG_WARN_ENUM_CONVERSION = YES;
				CLANG_WARN_INT_CONVERSION = YES;
				CLANG_WARN_OBJC_ROOT_CLASS = YES_ERROR;
				CLANG_WARN_UNREACHABLE_CODE = YES;
				CLANG_WARN__DUPLICATE_METHOD_MATCH = YES;
				"CODE_SIGN_IDENTITY[sdk=iphoneos*]" = "iPhone Developer";
				COPY_PHASE_STRIP = NO;
				DEBUG_INFORMATION_FORMAT = "dwarf-with-dsym";
				ENABLE_NS_ASSERTIONS = NO;
				ENABLE_STRICT_OBJC_MSGSEND = YES;
				GCC_C_LANGUAGE_STANDARD = gnu99;
				GCC_NO_COMMON_BLOCKS = YES;
				GCC_WARN_64_TO_32_BIT_CONVERSION = YES;
				GCC_WARN_ABOUT_RETURN_TYPE = YES_ERROR;
				GCC_WARN_UNDECLARED_SELECTOR = YES;
				GCC_WARN_UNINITIALIZED_AUTOS = YES_AGGRESSIVE;
				GCC_WARN_UNUSED_FUNCTION = YES;
				GCC_WARN_UNUSED_VARIABLE = YES;
				IPHONEOS_DEPLOYMENT_TARGET = 9.0;
				MTL_ENABLE_DEBUG_INFO = NO;
				SDKROOT = iphoneos;
				TARGETED_DEVICE_FAMILY = "1,2";
				VALIDATE_PRODUCT = YES;
			};
			name = Release;
		};
		187393901BD5573600998B0D /* Debug */ = {
			isa = XCBuildConfiguration;
			buildSettings = {
				ASSETCATALOG_COMPILER_APPICON_NAME = AppIcon;
				INFOPLIST_FILE = DonateParkingSpotEmma/Info.plist;
				LD_RUNPATH_SEARCH_PATHS = "$(inherited) @executable_path/Frameworks";
				PRODUCT_BUNDLE_IDENTIFIER = com.depaul.Emma.DonateParkingSpotEmma;
				PRODUCT_NAME = "$(TARGET_NAME)";
			};
			name = Debug;
		};
		187393911BD5573600998B0D /* Release */ = {
			isa = XCBuildConfiguration;
			buildSettings = {
				ASSETCATALOG_COMPILER_APPICON_NAME = AppIcon;
				INFOPLIST_FILE = DonateParkingSpotEmma/Info.plist;
				LD_RUNPATH_SEARCH_PATHS = "$(inherited) @executable_path/Frameworks";
				PRODUCT_BUNDLE_IDENTIFIER = com.depaul.Emma.DonateParkingSpotEmma;
				PRODUCT_NAME = "$(TARGET_NAME)";
			};
			name = Release;
		};
		187393931BD5573600998B0D /* Debug */ = {
			isa = XCBuildConfiguration;
			buildSettings = {
				BUNDLE_LOADER = "$(TEST_HOST)";
				INFOPLIST_FILE = DonateParkingSpotEmmaTests/Info.plist;
				LD_RUNPATH_SEARCH_PATHS = "$(inherited) @executable_path/Frameworks @loader_path/Frameworks";
				PRODUCT_BUNDLE_IDENTIFIER = com.depaul.Emma.DonateParkingSpotEmmaTests;
				PRODUCT_NAME = "$(TARGET_NAME)";
				TEST_HOST = "$(BUILT_PRODUCTS_DIR)/DonateParkingSpotEmma.app/DonateParkingSpotEmma";
			};
			name = Debug;
		};
		187393941BD5573600998B0D /* Release */ = {
			isa = XCBuildConfiguration;
			buildSettings = {
				BUNDLE_LOADER = "$(TEST_HOST)";
				INFOPLIST_FILE = DonateParkingSpotEmmaTests/Info.plist;
				LD_RUNPATH_SEARCH_PATHS = "$(inherited) @executable_path/Frameworks @loader_path/Frameworks";
				PRODUCT_BUNDLE_IDENTIFIER = com.depaul.Emma.DonateParkingSpotEmmaTests;
				PRODUCT_NAME = "$(TARGET_NAME)";
				TEST_HOST = "$(BUILT_PRODUCTS_DIR)/DonateParkingSpotEmma.app/DonateParkingSpotEmma";
			};
			name = Release;
		};
		187393961BD5573600998B0D /* Debug */ = {
			isa = XCBuildConfiguration;
			buildSettings = {
				INFOPLIST_FILE = DonateParkingSpotEmmaUITests/Info.plist;
				LD_RUNPATH_SEARCH_PATHS = "$(inherited) @executable_path/Frameworks @loader_path/Frameworks";
				PRODUCT_BUNDLE_IDENTIFIER = com.depaul.Emma.DonateParkingSpotEmmaUITests;
				PRODUCT_NAME = "$(TARGET_NAME)";
				TEST_TARGET_NAME = DonateParkingSpotEmma;
				USES_XCTRUNNER = YES;
			};
			name = Debug;
		};
		187393971BD5573600998B0D /* Release */ = {
			isa = XCBuildConfiguration;
			buildSettings = {
				INFOPLIST_FILE = DonateParkingSpotEmmaUITests/Info.plist;
				LD_RUNPATH_SEARCH_PATHS = "$(inherited) @executable_path/Frameworks @loader_path/Frameworks";
				PRODUCT_BUNDLE_IDENTIFIER = com.depaul.Emma.DonateParkingSpotEmmaUITests;
				PRODUCT_NAME = "$(TARGET_NAME)";
				TEST_TARGET_NAME = DonateParkingSpotEmma;
				USES_XCTRUNNER = YES;
			};
			name = Release;
		};
/* End XCBuildConfiguration section */

/* Begin XCConfigurationList section */
		1873935F1BD5573600998B0D /* Build configuration list for PBXProject "DonateParkingSpotEmma" */ = {
			isa = XCConfigurationList;
			buildConfigurations = (
				1873938D1BD5573600998B0D /* Debug */,
				1873938E1BD5573600998B0D /* Release */,
			);
			defaultConfigurationIsVisible = 0;
			defaultConfigurationName = Release;
		};
		1873938F1BD5573600998B0D /* Build configuration list for PBXNativeTarget "DonateParkingSpotEmma" */ = {
			isa = XCConfigurationList;
			buildConfigurations = (
				187393901BD5573600998B0D /* Debug */,
				187393911BD5573600998B0D /* Release */,
			);
			defaultConfigurationIsVisible = 0;
		};
		187393921BD5573600998B0D /* Build configuration list for PBXNativeTarget "DonateParkingSpotEmmaTests" */ = {
			isa = XCConfigurationList;
			buildConfigurations = (
				187393931BD5573600998B0D /* Debug */,
				187393941BD5573600998B0D /* Release */,
			);
			defaultConfigurationIsVisible = 0;
		};
		187393951BD5573600998B0D /* Build configuration list for PBXNativeTarget "DonateParkingSpotEmmaUITests" */ = {
			isa = XCConfigurationList;
			buildConfigurations = (
				187393961BD5573600998B0D /* Debug */,
				187393971BD5573600998B0D /* Release */,
			);
			defaultConfigurationIsVisible = 0;
		};
/* End XCConfigurationList section */

/* Begin XCVersionGroup section */
		1873936E1BD5573600998B0D /* DonateParkingSpotEmma.xcdatamodeld */ = {
			isa = XCVersionGroup;
			children = (
				1873936F1BD5573600998B0D /* DonateParkingSpotEmma.xcdatamodel */,
			);
			currentVersion = 1873936F1BD5573600998B0D /* DonateParkingSpotEmma.xcdatamodel */;
			path = DonateParkingSpotEmma.xcdatamodeld;
			sourceTree = "<group>";
			versionGroupType = wrapper.xcdatamodel;
		};
/* End XCVersionGroup section */
	};
	rootObject = 1873935C1BD5573600998B0D /* Project object */;
}
