// !$*UTF8*$!
{
	archiveVersion = 1;
	classes = {
	};
	objectVersion = 46;
	objects = {

/* Begin PBXBuildFile section */
		187393A51BD5680C00998B0D /* AppDelegate.swift in Sources */ = {isa = PBXBuildFile; fileRef = 187393A41BD5680C00998B0D /* AppDelegate.swift */; };
		187393A71BD5680C00998B0D /* ViewController.swift in Sources */ = {isa = PBXBuildFile; fileRef = 187393A61BD5680C00998B0D /* ViewController.swift */; };
		187393AA1BD5680C00998B0D /* Main.storyboard in Resources */ = {isa = PBXBuildFile; fileRef = 187393A81BD5680C00998B0D /* Main.storyboard */; };
		187393AD1BD5680C00998B0D /* DonateParkingSpotE1.xcdatamodeld in Sources */ = {isa = PBXBuildFile; fileRef = 187393AB1BD5680C00998B0D /* DonateParkingSpotE1.xcdatamodeld */; };
		187393AF1BD5680D00998B0D /* Assets.xcassets in Resources */ = {isa = PBXBuildFile; fileRef = 187393AE1BD5680D00998B0D /* Assets.xcassets */; };
		187393B21BD5680D00998B0D /* LaunchScreen.storyboard in Resources */ = {isa = PBXBuildFile; fileRef = 187393B01BD5680D00998B0D /* LaunchScreen.storyboard */; };
		187393BD1BD5680D00998B0D /* DonateParkingSpotE1Tests.swift in Sources */ = {isa = PBXBuildFile; fileRef = 187393BC1BD5680D00998B0D /* DonateParkingSpotE1Tests.swift */; };
		187393C81BD5680D00998B0D /* DonateParkingSpotE1UITests.swift in Sources */ = {isa = PBXBuildFile; fileRef = 187393C71BD5680D00998B0D /* DonateParkingSpotE1UITests.swift */; };
/* End PBXBuildFile section */

/* Begin PBXContainerItemProxy section */
		187393B91BD5680D00998B0D /* PBXContainerItemProxy */ = {
			isa = PBXContainerItemProxy;
			containerPortal = 187393991BD5680C00998B0D /* Project object */;
			proxyType = 1;
			remoteGlobalIDString = 187393A01BD5680C00998B0D;
			remoteInfo = DonateParkingSpotE1;
		};
		187393C41BD5680D00998B0D /* PBXContainerItemProxy */ = {
			isa = PBXContainerItemProxy;
			containerPortal = 187393991BD5680C00998B0D /* Project object */;
			proxyType = 1;
			remoteGlobalIDString = 187393A01BD5680C00998B0D;
			remoteInfo = DonateParkingSpotE1;
		};
/* End PBXContainerItemProxy section */

/* Begin PBXFileReference section */
		187393A11BD5680C00998B0D /* DonateParkingSpotE1.app */ = {isa = PBXFileReference; explicitFileType = wrapper.application; includeInIndex = 0; path = DonateParkingSpotE1.app; sourceTree = BUILT_PRODUCTS_DIR; };
		187393A41BD5680C00998B0D /* AppDelegate.swift */ = {isa = PBXFileReference; lastKnownFileType = sourcecode.swift; path = AppDelegate.swift; sourceTree = "<group>"; };
		187393A61BD5680C00998B0D /* ViewController.swift */ = {isa = PBXFileReference; lastKnownFileType = sourcecode.swift; path = ViewController.swift; sourceTree = "<group>"; };
		187393A91BD5680C00998B0D /* Base */ = {isa = PBXFileReference; lastKnownFileType = file.storyboard; name = Base; path = Base.lproj/Main.storyboard; sourceTree = "<group>"; };
		187393AC1BD5680C00998B0D /* DonateParkingSpotE1.xcdatamodel */ = {isa = PBXFileReference; lastKnownFileType = wrapper.xcdatamodel; path = DonateParkingSpotE1.xcdatamodel; sourceTree = "<group>"; };
		187393AE1BD5680D00998B0D /* Assets.xcassets */ = {isa = PBXFileReference; lastKnownFileType = folder.assetcatalog; path = Assets.xcassets; sourceTree = "<group>"; };
		187393B11BD5680D00998B0D /* Base */ = {isa = PBXFileReference; lastKnownFileType = file.storyboard; name = Base; path = Base.lproj/LaunchScreen.storyboard; sourceTree = "<group>"; };
		187393B31BD5680D00998B0D /* Info.plist */ = {isa = PBXFileReference; lastKnownFileType = text.plist.xml; path = Info.plist; sourceTree = "<group>"; };
		187393B81BD5680D00998B0D /* DonateParkingSpotE1Tests.xctest */ = {isa = PBXFileReference; explicitFileType = wrapper.cfbundle; includeInIndex = 0; path = DonateParkingSpotE1Tests.xctest; sourceTree = BUILT_PRODUCTS_DIR; };
		187393BC1BD5680D00998B0D /* DonateParkingSpotE1Tests.swift */ = {isa = PBXFileReference; lastKnownFileType = sourcecode.swift; path = DonateParkingSpotE1Tests.swift; sourceTree = "<group>"; };
		187393BE1BD5680D00998B0D /* Info.plist */ = {isa = PBXFileReference; lastKnownFileType = text.plist.xml; path = Info.plist; sourceTree = "<group>"; };
		187393C31BD5680D00998B0D /* DonateParkingSpotE1UITests.xctest */ = {isa = PBXFileReference; explicitFileType = wrapper.cfbundle; includeInIndex = 0; path = DonateParkingSpotE1UITests.xctest; sourceTree = BUILT_PRODUCTS_DIR; };
		187393C71BD5680D00998B0D /* DonateParkingSpotE1UITests.swift */ = {isa = PBXFileReference; lastKnownFileType = sourcecode.swift; path = DonateParkingSpotE1UITests.swift; sourceTree = "<group>"; };
		187393C91BD5680D00998B0D /* Info.plist */ = {isa = PBXFileReference; lastKnownFileType = text.plist.xml; path = Info.plist; sourceTree = "<group>"; };
/* End PBXFileReference section */

/* Begin PBXFrameworksBuildPhase section */
		1873939E1BD5680C00998B0D /* Frameworks */ = {
			isa = PBXFrameworksBuildPhase;
			buildActionMask = 2147483647;
			files = (
			);
			runOnlyForDeploymentPostprocessing = 0;
		};
		187393B51BD5680D00998B0D /* Frameworks */ = {
			isa = PBXFrameworksBuildPhase;
			buildActionMask = 2147483647;
			files = (
			);
			runOnlyForDeploymentPostprocessing = 0;
		};
		187393C01BD5680D00998B0D /* Frameworks */ = {
			isa = PBXFrameworksBuildPhase;
			buildActionMask = 2147483647;
			files = (
			);
			runOnlyForDeploymentPostprocessing = 0;
		};
/* End PBXFrameworksBuildPhase section */

/* Begin PBXGroup section */
		187393981BD5680C00998B0D = {
			isa = PBXGroup;
			children = (
				187393A31BD5680C00998B0D /* DonateParkingSpotE1 */,
				187393BB1BD5680D00998B0D /* DonateParkingSpotE1Tests */,
				187393C61BD5680D00998B0D /* DonateParkingSpotE1UITests */,
				187393A21BD5680C00998B0D /* Products */,
			);
			sourceTree = "<group>";
		};
		187393A21BD5680C00998B0D /* Products */ = {
			isa = PBXGroup;
			children = (
				187393A11BD5680C00998B0D /* DonateParkingSpotE1.app */,
				187393B81BD5680D00998B0D /* DonateParkingSpotE1Tests.xctest */,
				187393C31BD5680D00998B0D /* DonateParkingSpotE1UITests.xctest */,
			);
			name = Products;
			sourceTree = "<group>";
		};
		187393A31BD5680C00998B0D /* DonateParkingSpotE1 */ = {
			isa = PBXGroup;
			children = (
				187393A41BD5680C00998B0D /* AppDelegate.swift */,
				187393A61BD5680C00998B0D /* ViewController.swift */,
				187393A81BD5680C00998B0D /* Main.storyboard */,
				187393AE1BD5680D00998B0D /* Assets.xcassets */,
				187393B01BD5680D00998B0D /* LaunchScreen.storyboard */,
				187393B31BD5680D00998B0D /* Info.plist */,
				187393AB1BD5680C00998B0D /* DonateParkingSpotE1.xcdatamodeld */,
			);
			path = DonateParkingSpotE1;
			sourceTree = "<group>";
		};
		187393BB1BD5680D00998B0D /* DonateParkingSpotE1Tests */ = {
			isa = PBXGroup;
			children = (
				187393BC1BD5680D00998B0D /* DonateParkingSpotE1Tests.swift */,
				187393BE1BD5680D00998B0D /* Info.plist */,
			);
			path = DonateParkingSpotE1Tests;
			sourceTree = "<group>";
		};
		187393C61BD5680D00998B0D /* DonateParkingSpotE1UITests */ = {
			isa = PBXGroup;
			children = (
				187393C71BD5680D00998B0D /* DonateParkingSpotE1UITests.swift */,
				187393C91BD5680D00998B0D /* Info.plist */,
			);
			path = DonateParkingSpotE1UITests;
			sourceTree = "<group>";
		};
/* End PBXGroup section */

/* Begin PBXNativeTarget section */
		187393A01BD5680C00998B0D /* DonateParkingSpotE1 */ = {
			isa = PBXNativeTarget;
			buildConfigurationList = 187393CC1BD5680D00998B0D /* Build configuration list for PBXNativeTarget "DonateParkingSpotE1" */;
			buildPhases = (
				1873939D1BD5680C00998B0D /* Sources */,
				1873939E1BD5680C00998B0D /* Frameworks */,
				1873939F1BD5680C00998B0D /* Resources */,
			);
			buildRules = (
			);
			dependencies = (
			);
			name = DonateParkingSpotE1;
			productName = DonateParkingSpotE1;
			productReference = 187393A11BD5680C00998B0D /* DonateParkingSpotE1.app */;
			productType = "com.apple.product-type.application";
		};
		187393B71BD5680D00998B0D /* DonateParkingSpotE1Tests */ = {
			isa = PBXNativeTarget;
			buildConfigurationList = 187393CF1BD5680D00998B0D /* Build configuration list for PBXNativeTarget "DonateParkingSpotE1Tests" */;
			buildPhases = (
				187393B41BD5680D00998B0D /* Sources */,
				187393B51BD5680D00998B0D /* Frameworks */,
				187393B61BD5680D00998B0D /* Resources */,
			);
			buildRules = (
			);
			dependencies = (
				187393BA1BD5680D00998B0D /* PBXTargetDependency */,
			);
			name = DonateParkingSpotE1Tests;
			productName = DonateParkingSpotE1Tests;
			productReference = 187393B81BD5680D00998B0D /* DonateParkingSpotE1Tests.xctest */;
			productType = "com.apple.product-type.bundle.unit-test";
		};
		187393C21BD5680D00998B0D /* DonateParkingSpotE1UITests */ = {
			isa = PBXNativeTarget;
			buildConfigurationList = 187393D21BD5680D00998B0D /* Build configuration list for PBXNativeTarget "DonateParkingSpotE1UITests" */;
			buildPhases = (
				187393BF1BD5680D00998B0D /* Sources */,
				187393C01BD5680D00998B0D /* Frameworks */,
				187393C11BD5680D00998B0D /* Resources */,
			);
			buildRules = (
			);
			dependencies = (
				187393C51BD5680D00998B0D /* PBXTargetDependency */,
			);
			name = DonateParkingSpotE1UITests;
			productName = DonateParkingSpotE1UITests;
			productReference = 187393C31BD5680D00998B0D /* DonateParkingSpotE1UITests.xctest */;
			productType = "com.apple.product-type.bundle.ui-testing";
		};
/* End PBXNativeTarget section */

/* Begin PBXProject section */
		187393991BD5680C00998B0D /* Project object */ = {
			isa = PBXProject;
			attributes = {
				LastUpgradeCheck = 0700;
				ORGANIZATIONNAME = Apple;
				TargetAttributes = {
					187393A01BD5680C00998B0D = {
						CreatedOnToolsVersion = 7.0.1;
					};
					187393B71BD5680D00998B0D = {
						CreatedOnToolsVersion = 7.0.1;
						TestTargetID = 187393A01BD5680C00998B0D;
					};
					187393C21BD5680D00998B0D = {
						CreatedOnToolsVersion = 7.0.1;
						TestTargetID = 187393A01BD5680C00998B0D;
					};
				};
			};
			buildConfigurationList = 1873939C1BD5680C00998B0D /* Build configuration list for PBXProject "DonateParkingSpotE1" */;
			compatibilityVersion = "Xcode 3.2";
			developmentRegion = English;
			hasScannedForEncodings = 0;
			knownRegions = (
				en,
				Base,
			);
			mainGroup = 187393981BD5680C00998B0D;
			productRefGroup = 187393A21BD5680C00998B0D /* Products */;
			projectDirPath = "";
			projectRoot = "";
			targets = (
				187393A01BD5680C00998B0D /* DonateParkingSpotE1 */,
				187393B71BD5680D00998B0D /* DonateParkingSpotE1Tests */,
				187393C21BD5680D00998B0D /* DonateParkingSpotE1UITests */,
			);
		};
/* End PBXProject section */

/* Begin PBXResourcesBuildPhase section */
		1873939F1BD5680C00998B0D /* Resources */ = {
			isa = PBXResourcesBuildPhase;
			buildActionMask = 2147483647;
			files = (
				187393B21BD5680D00998B0D /* LaunchScreen.storyboard in Resources */,
				187393AF1BD5680D00998B0D /* Assets.xcassets in Resources */,
				187393AA1BD5680C00998B0D /* Main.storyboard in Resources */,
			);
			runOnlyForDeploymentPostprocessing = 0;
		};
		187393B61BD5680D00998B0D /* Resources */ = {
			isa = PBXResourcesBuildPhase;
			buildActionMask = 2147483647;
			files = (
			);
			runOnlyForDeploymentPostprocessing = 0;
		};
		187393C11BD5680D00998B0D /* Resources */ = {
			isa = PBXResourcesBuildPhase;
			buildActionMask = 2147483647;
			files = (
			);
			runOnlyForDeploymentPostprocessing = 0;
		};
/* End PBXResourcesBuildPhase section */

/* Begin PBXSourcesBuildPhase section */
		1873939D1BD5680C00998B0D /* Sources */ = {
			isa = PBXSourcesBuildPhase;
			buildActionMask = 2147483647;
			files = (
				187393AD1BD5680C00998B0D /* DonateParkingSpotE1.xcdatamodeld in Sources */,
				187393A71BD5680C00998B0D /* ViewController.swift in Sources */,
				187393A51BD5680C00998B0D /* AppDelegate.swift in Sources */,
			);
			runOnlyForDeploymentPostprocessing = 0;
		};
		187393B41BD5680D00998B0D /* Sources */ = {
			isa = PBXSourcesBuildPhase;
			buildActionMask = 2147483647;
			files = (
				187393BD1BD5680D00998B0D /* DonateParkingSpotE1Tests.swift in Sources */,
			);
			runOnlyForDeploymentPostprocessing = 0;
		};
		187393BF1BD5680D00998B0D /* Sources */ = {
			isa = PBXSourcesBuildPhase;
			buildActionMask = 2147483647;
			files = (
				187393C81BD5680D00998B0D /* DonateParkingSpotE1UITests.swift in Sources */,
			);
			runOnlyForDeploymentPostprocessing = 0;
		};
/* End PBXSourcesBuildPhase section */

/* Begin PBXTargetDependency section */
		187393BA1BD5680D00998B0D /* PBXTargetDependency */ = {
			isa = PBXTargetDependency;
			target = 187393A01BD5680C00998B0D /* DonateParkingSpotE1 */;
			targetProxy = 187393B91BD5680D00998B0D /* PBXContainerItemProxy */;
		};
		187393C51BD5680D00998B0D /* PBXTargetDependency */ = {
			isa = PBXTargetDependency;
			target = 187393A01BD5680C00998B0D /* DonateParkingSpotE1 */;
			targetProxy = 187393C41BD5680D00998B0D /* PBXContainerItemProxy */;
		};
/* End PBXTargetDependency section */

/* Begin PBXVariantGroup section */
		187393A81BD5680C00998B0D /* Main.storyboard */ = {
			isa = PBXVariantGroup;
			children = (
				187393A91BD5680C00998B0D /* Base */,
			);
			name = Main.storyboard;
			sourceTree = "<group>";
		};
		187393B01BD5680D00998B0D /* LaunchScreen.storyboard */ = {
			isa = PBXVariantGroup;
			children = (
				187393B11BD5680D00998B0D /* Base */,
			);
			name = LaunchScreen.storyboard;
			sourceTree = "<group>";
		};
/* End PBXVariantGroup section */

/* Begin XCBuildConfiguration section */
		187393CA1BD5680D00998B0D /* Debug */ = {
			isa = XCBuildConfiguration;
			buildSettings = {
				ALWAYS_SEARCH_USER_PATHS = NO;
				CLANG_CXX_LANGUAGE_STANDARD = "gnu++0x";
				CLANG_CXX_LIBRARY = "libc++";
				CLANG_ENABLE_MODULES = YES;
				CLANG_ENABLE_OBJC_ARC = YES;
				CLANG_WARN_BOOL_CONVERSION = YES;
				CLANG_WARN_CONSTANT_CONVERSION = YES;
				CLANG_WARN_DIRECT_OBJC_ISA_USAGE = YES_ERROR;
				CLANG_WARN_EMPTY_BODY = YES;
				CLANG_WARN_ENUM_CONVERSION = YES;
				CLANG_WARN_INT_CONVERSION = YES;
				CLANG_WARN_OBJC_ROOT_CLASS = YES_ERROR;
				CLANG_WARN_UNREACHABLE_CODE = YES;
				CLANG_WARN__DUPLICATE_METHOD_MATCH = YES;
				"CODE_SIGN_IDENTITY[sdk=iphoneos*]" = "iPhone Developer";
				COPY_PHASE_STRIP = NO;
				DEBUG_INFORMATION_FORMAT = dwarf;
				ENABLE_STRICT_OBJC_MSGSEND = YES;
				ENABLE_TESTABILITY = YES;
				GCC_C_LANGUAGE_STANDARD = gnu99;
				GCC_DYNAMIC_NO_PIC = NO;
				GCC_NO_COMMON_BLOCKS = YES;
				GCC_OPTIMIZATION_LEVEL = 0;
				GCC_PREPROCESSOR_DEFINITIONS = (
					"DEBUG=1",
					"$(inherited)",
				);
				GCC_WARN_64_TO_32_BIT_CONVERSION = YES;
				GCC_WARN_ABOUT_RETURN_TYPE = YES_ERROR;
				GCC_WARN_UNDECLARED_SELECTOR = YES;
				GCC_WARN_UNINITIALIZED_AUTOS = YES_AGGRESSIVE;
				GCC_WARN_UNUSED_FUNCTION = YES;
				GCC_WARN_UNUSED_VARIABLE = YES;
				IPHONEOS_DEPLOYMENT_TARGET = 9.0;
				MTL_ENABLE_DEBUG_INFO = YES;
				ONLY_ACTIVE_ARCH = YES;
				SDKROOT = iphoneos;
				SWIFT_OPTIMIZATION_LEVEL = "-Onone";
				TARGETED_DEVICE_FAMILY = "1,2";
			};
			name = Debug;
		};
		187393CB1BD5680D00998B0D /* Release */ = {
			isa = XCBuildConfiguration;
			buildSettings = {
				ALWAYS_SEARCH_USER_PATHS = NO;
				CLANG_CXX_LANGUAGE_STANDARD = "gnu++0x";
				CLANG_CXX_LIBRARY = "libc++";
				CLANG_ENABLE_MODULES = YES;
				CLANG_ENABLE_OBJC_ARC = YES;
				CLANG_WARN_BOOL_CONVERSION = YES;
				CLANG_WARN_CONSTANT_CONVERSION = YES;
				CLANG_WARN_DIRECT_OBJC_ISA_USAGE = YES_ERROR;
				CLANG_WARN_EMPTY_BODY = YES;
				CLANG_WARN_ENUM_CONVERSION = YES;
				CLANG_WARN_INT_CONVERSION = YES;
				CLANG_WARN_OBJC_ROOT_CLASS = YES_ERROR;
				CLANG_WARN_UNREACHABLE_CODE = YES;
				CLANG_WARN__DUPLICATE_METHOD_MATCH = YES;
				"CODE_SIGN_IDENTITY[sdk=iphoneos*]" = "iPhone Developer";
				COPY_PHASE_STRIP = NO;
				DEBUG_INFORMATION_FORMAT = "dwarf-with-dsym";
				ENABLE_NS_ASSERTIONS = NO;
				ENABLE_STRICT_OBJC_MSGSEND = YES;
				GCC_C_LANGUAGE_STANDARD = gnu99;
				GCC_NO_COMMON_BLOCKS = YES;
				GCC_WARN_64_TO_32_BIT_CONVERSION = YES;
				GCC_WARN_ABOUT_RETURN_TYPE = YES_ERROR;
				GCC_WARN_UNDECLARED_SELECTOR = YES;
				GCC_WARN_UNINITIALIZED_AUTOS = YES_AGGRESSIVE;
				GCC_WARN_UNUSED_FUNCTION = YES;
				GCC_WARN_UNUSED_VARIABLE = YES;
				IPHONEOS_DEPLOYMENT_TARGET = 9.0;
				MTL_ENABLE_DEBUG_INFO = NO;
				SDKROOT = iphoneos;
				TARGETED_DEVICE_FAMILY = "1,2";
				VALIDATE_PRODUCT = YES;
			};
			name = Release;
		};
		187393CD1BD5680D00998B0D /* Debug */ = {
			isa = XCBuildConfiguration;
			buildSettings = {
				ASSETCATALOG_COMPILER_APPICON_NAME = AppIcon;
				INFOPLIST_FILE = DonateParkingSpotE1/Info.plist;
				LD_RUNPATH_SEARCH_PATHS = "$(inherited) @executable_path/Frameworks";
				PRODUCT_BUNDLE_IDENTIFIER = com.depaul.Emma.DonateParkingSpotE1;
				PRODUCT_NAME = "$(TARGET_NAME)";
			};
			name = Debug;
		};
		187393CE1BD5680D00998B0D /* Release */ = {
			isa = XCBuildConfiguration;
			buildSettings = {
				ASSETCATALOG_COMPILER_APPICON_NAME = AppIcon;
				INFOPLIST_FILE = DonateParkingSpotE1/Info.plist;
				LD_RUNPATH_SEARCH_PATHS = "$(inherited) @executable_path/Frameworks";
				PRODUCT_BUNDLE_IDENTIFIER = com.depaul.Emma.DonateParkingSpotE1;
				PRODUCT_NAME = "$(TARGET_NAME)";
			};
			name = Release;
		};
		187393D01BD5680D00998B0D /* Debug */ = {
			isa = XCBuildConfiguration;
			buildSettings = {
				BUNDLE_LOADER = "$(TEST_HOST)";
				INFOPLIST_FILE = DonateParkingSpotE1Tests/Info.plist;
				LD_RUNPATH_SEARCH_PATHS = "$(inherited) @executable_path/Frameworks @loader_path/Frameworks";
				PRODUCT_BUNDLE_IDENTIFIER = com.depaul.Emma.DonateParkingSpotE1Tests;
				PRODUCT_NAME = "$(TARGET_NAME)";
				TEST_HOST = "$(BUILT_PRODUCTS_DIR)/DonateParkingSpotE1.app/DonateParkingSpotE1";
			};
			name = Debug;
		};
		187393D11BD5680D00998B0D /* Release */ = {
			isa = XCBuildConfiguration;
			buildSettings = {
				BUNDLE_LOADER = "$(TEST_HOST)";
				INFOPLIST_FILE = DonateParkingSpotE1Tests/Info.plist;
				LD_RUNPATH_SEARCH_PATHS = "$(inherited) @executable_path/Frameworks @loader_path/Frameworks";
				PRODUCT_BUNDLE_IDENTIFIER = com.depaul.Emma.DonateParkingSpotE1Tests;
				PRODUCT_NAME = "$(TARGET_NAME)";
				TEST_HOST = "$(BUILT_PRODUCTS_DIR)/DonateParkingSpotE1.app/DonateParkingSpotE1";
			};
			name = Release;
		};
		187393D31BD5680D00998B0D /* Debug */ = {
			isa = XCBuildConfiguration;
			buildSettings = {
				INFOPLIST_FILE = DonateParkingSpotE1UITests/Info.plist;
				LD_RUNPATH_SEARCH_PATHS = "$(inherited) @executable_path/Frameworks @loader_path/Frameworks";
				PRODUCT_BUNDLE_IDENTIFIER = com.depaul.Emma.DonateParkingSpotE1UITests;
				PRODUCT_NAME = "$(TARGET_NAME)";
				TEST_TARGET_NAME = DonateParkingSpotE1;
				USES_XCTRUNNER = YES;
			};
			name = Debug;
		};
		187393D41BD5680D00998B0D /* Release */ = {
			isa = XCBuildConfiguration;
			buildSettings = {
				INFOPLIST_FILE = DonateParkingSpotE1UITests/Info.plist;
				LD_RUNPATH_SEARCH_PATHS = "$(inherited) @executable_path/Frameworks @loader_path/Frameworks";
				PRODUCT_BUNDLE_IDENTIFIER = com.depaul.Emma.DonateParkingSpotE1UITests;
				PRODUCT_NAME = "$(TARGET_NAME)";
				TEST_TARGET_NAME = DonateParkingSpotE1;
				USES_XCTRUNNER = YES;
			};
			name = Release;
		};
/* End XCBuildConfiguration section */

/* Begin XCConfigurationList section */
		1873939C1BD5680C00998B0D /* Build configuration list for PBXProject "DonateParkingSpotE1" */ = {
			isa = XCConfigurationList;
			buildConfigurations = (
				187393CA1BD5680D00998B0D /* Debug */,
				187393CB1BD5680D00998B0D /* Release */,
			);
			defaultConfigurationIsVisible = 0;
			defaultConfigurationName = Release;
		};
		187393CC1BD5680D00998B0D /* Build configuration list for PBXNativeTarget "DonateParkingSpotE1" */ = {
			isa = XCConfigurationList;
			buildConfigurations = (
				187393CD1BD5680D00998B0D /* Debug */,
				187393CE1BD5680D00998B0D /* Release */,
			);
			defaultConfigurationIsVisible = 0;
		};
		187393CF1BD5680D00998B0D /* Build configuration list for PBXNativeTarget "DonateParkingSpotE1Tests" */ = {
			isa = XCConfigurationList;
			buildConfigurations = (
				187393D01BD5680D00998B0D /* Debug */,
				187393D11BD5680D00998B0D /* Release */,
			);
			defaultConfigurationIsVisible = 0;
		};
		187393D21BD5680D00998B0D /* Build configuration list for PBXNativeTarget "DonateParkingSpotE1UITests" */ = {
			isa = XCConfigurationList;
			buildConfigurations = (
				187393D31BD5680D00998B0D /* Debug */,
				187393D41BD5680D00998B0D /* Release */,
			);
			defaultConfigurationIsVisible = 0;
		};
/* End XCConfigurationList section */

/* Begin XCVersionGroup section */
		187393AB1BD5680C00998B0D /* DonateParkingSpotE1.xcdatamodeld */ = {
			isa = XCVersionGroup;
			children = (
				187393AC1BD5680C00998B0D /* DonateParkingSpotE1.xcdatamodel */,
			);
			currentVersion = 187393AC1BD5680C00998B0D /* DonateParkingSpotE1.xcdatamodel */;
			path = DonateParkingSpotE1.xcdatamodeld;
			sourceTree = "<group>";
			versionGroupType = wrapper.xcdatamodel;
		};
/* End XCVersionGroup section */
	};
	rootObject = 187393991BD5680C00998B0D /* Project object */;
}
